
Microsoft Visual Studio Solution File, Format Version 11.00
# Visual Studio 2010
Project("{FAE04EC0-301F-11D3-BF4B-00C04F79EFBC}") = "AndHUD.Sample", "AndHUD.Sample\AndHUD.Sample.csproj", "{E05B78E8-EB76-4FE4-B68C-F2A19DF3BE32}"
EndProject
Global
	GlobalSection(SolutionConfigurationPlatforms) = preSolution
		Debug|Any CPU = Debug|Any CPU
		Release|Any CPU = Release|Any CPU
	EndGlobalSection
	GlobalSection(ProjectConfigurationPlatforms) = postSolution
		{021AA4E4-9082-411F-9F4B-90AF672CA6EF}.Debug|Any CPU.ActiveCfg = Debug|Any CPU
		{021AA4E4-9082-411F-9F4B-90AF672CA6EF}.Debug|Any CPU.Build.0 = Debug|Any CPU
		{021AA4E4-9082-411F-9F4B-90AF672CA6EF}.Release|Any CPU.ActiveCfg = Release|Any CPU
		{021AA4E4-9082-411F-9F4B-90AF672CA6EF}.Release|Any CPU.Build.0 = Release|Any CPU
		{E05B78E8-EB76-4FE4-B68C-F2A19DF3BE32}.Debug|Any CPU.ActiveCfg = Debug|Any CPU
		{E05B78E8-EB76-4FE4-B68C-F2A19DF3BE32}.Debug|Any CPU.Build.0 = Debug|Any CPU
		{E05B78E8-EB76-4FE4-B68C-F2A19DF3BE32}.Release|Any CPU.ActiveCfg = Release|Any CPU
		{E05B78E8-EB76-4FE4-B68C-F2A19DF3BE32}.Release|Any CPU.Build.0 = Release|Any CPU
	EndGlobalSection
	GlobalSection(MonoDevelopProperties) = preSolution
		StartupItem = AndHUD.Sample\AndHUD.Sample.csproj
	EndGlobalSection
EndGlobal
