
Microsoft Visual Studio Solution File, Format Version 11.00
# Visual Studio 2010
Project("{FAE04EC0-301F-11D3-BF4B-00C04F79EFBC}") = "BTProgressHUDDemo", "BTProgressHUDSample\BTProgressHUDDemo.csproj", "{620134FD-4E54-4459-8E18-8B6E1C8A2274}"
EndProject
Global
	GlobalSection(SolutionConfigurationPlatforms) = preSolution
		Debug|iPhoneSimulator = Debug|iPhoneSimulator
		Release|iPhoneSimulator = Release|iPhoneSimulator
		Debug|iPhone = Debug|iPhone
		Release|iPhone = Release|iPhone
		Ad-Hoc|iPhone = Ad-Hoc|iPhone
		AppStore|iPhone = AppStore|iPhone
	EndGlobalSection
	GlobalSection(ProjectConfigurationPlatforms) = postSolution
		{620134FD-4E54-4459-8E18-8B6E1C8A2274}.Ad-Hoc|iPhone.ActiveCfg = Ad-Hoc|iPhone
		{620134FD-4E54-4459-8E18-8B6E1C8A2274}.Ad-Hoc|iPhone.Build.0 = Ad-Hoc|iPhone
		{620134FD-4E54-4459-8E18-8B6E1C8A2274}.AppStore|iPhone.ActiveCfg = AppStore|iPhone
		{620134FD-4E54-4459-8E18-8B6E1C8A2274}.AppStore|iPhone.Build.0 = AppStore|iPhone
		{620134FD-4E54-4459-8E18-8B6E1C8A2274}.Debug|iPhone.ActiveCfg = Debug|iPhone
		{620134FD-4E54-4459-8E18-8B6E1C8A2274}.Debug|iPhone.Build.0 = Debug|iPhone
		{620134FD-4E54-4459-8E18-8B6E1C8A2274}.Debug|iPhoneSimulator.ActiveCfg = Debug|iPhoneSimulator
		{620134FD-4E54-4459-8E18-8B6E1C8A2274}.Debug|iPhoneSimulator.Build.0 = Debug|iPhoneSimulator
		{620134FD-4E54-4459-8E18-8B6E1C8A2274}.Release|iPhone.ActiveCfg = Release|iPhone
		{620134FD-4E54-4459-8E18-8B6E1C8A2274}.Release|iPhone.Build.0 = Release|iPhone
		{620134FD-4E54-4459-8E18-8B6E1C8A2274}.Release|iPhoneSimulator.ActiveCfg = Release|iPhoneSimulator
		{620134FD-4E54-4459-8E18-8B6E1C8A2274}.Release|iPhoneSimulator.Build.0 = Release|iPhoneSimulator
		{8ECDFDC5-42D0-4540-9691-830EEB2ED874}.Ad-Hoc|iPhone.ActiveCfg = Release|Any CPU
		{8ECDFDC5-42D0-4540-9691-830EEB2ED874}.Ad-Hoc|iPhone.Build.0 = Release|Any CPU
		{8ECDFDC5-42D0-4540-9691-830EEB2ED874}.AppStore|iPhone.ActiveCfg = Release|Any CPU
		{8ECDFDC5-42D0-4540-9691-830EEB2ED874}.AppStore|iPhone.Build.0 = Release|Any CPU
		{8ECDFDC5-42D0-4540-9691-830EEB2ED874}.Debug|iPhone.ActiveCfg = Debug|Any CPU
		{8ECDFDC5-42D0-4540-9691-830EEB2ED874}.Debug|iPhone.Build.0 = Debug|Any CPU
		{8ECDFDC5-42D0-4540-9691-830EEB2ED874}.Debug|iPhoneSimulator.ActiveCfg = Debug|Any CPU
		{8ECDFDC5-42D0-4540-9691-830EEB2ED874}.Debug|iPhoneSimulator.Build.0 = Debug|Any CPU
		{8ECDFDC5-42D0-4540-9691-830EEB2ED874}.Release|iPhone.ActiveCfg = Release|Any CPU
		{8ECDFDC5-42D0-4540-9691-830EEB2ED874}.Release|iPhone.Build.0 = Release|Any CPU
		{8ECDFDC5-42D0-4540-9691-830EEB2ED874}.Release|iPhoneSimulator.ActiveCfg = Release|Any CPU
		{8ECDFDC5-42D0-4540-9691-830EEB2ED874}.Release|iPhoneSimulator.Build.0 = Release|Any CPU
	EndGlobalSection
	GlobalSection(MonoDevelopProperties) = preSolution
		StartupItem = BTProgressHUDSample\BTProgressHUDDemo.csproj
	EndGlobalSection
EndGlobal
