
Microsoft Visual Studio Solution File, Format Version 12.00
# Visual Studio 15
VisualStudioVersion = 15.0.26430.12
MinimumVisualStudioVersion = 10.0.40219.1
Project("{D954291E-2A0B-460D-934E-DC6B0785DB48}") = "Acr.UserDialogs.Shared", "Acr.UserDialogs.Shared\Acr.UserDialogs.Shared.shproj", "{46B432F2-8BD9-4347-91C3-C8B08938BE48}"
EndProject
Project("{2150E333-8FDC-42A3-9474-1A3956D46DE8}") = "lib", "lib", "{3CD90FF5-6727-451C-8C90-6D9C752F89D2}"
EndProject
Project("{9A19103F-16F7-4668-BE54-9A1E7A4F7556}") = "Acr.UserDialogs", "Acr.UserDialogs\Acr.UserDialogs.csproj", "{AD34AA53-F275-4F18-A51C-9809C4E1F3BC}"
EndProject
Project("{FAE04EC0-301F-11D3-BF4B-00C04F79EFBC}") = "Acr.UserDialogs.iOS", "Acr.UserDialogs.iOS\Acr.UserDialogs.iOS.csproj", "{DFA982A2-F6F7-4FFD-9F86-A1AF11F7C4A1}"
EndProject
Project("{FAE04EC0-301F-11D3-BF4B-00C04F79EFBC}") = "Acr.UserDialogs.Android", "Acr.UserDialogs.Android\Acr.UserDialogs.Android.csproj", "{4A67E27E-0E7F-4EF2-B3E6-2C24E18EF442}"
EndProject
Project("{2150E333-8FDC-42A3-9474-1A3956D46DE8}") = "Solution Items", "Solution Items", "{6BC05413-873B-460E-BDA0-82BD63FC13DC}"
	ProjectSection(SolutionItems) = preProject
		..\nuspec\Acr.UserDialogs.nuspec = ..\nuspec\Acr.UserDialogs.nuspec
		..\build.cake = ..\build.cake
		..\build.cmd = ..\build.cmd
		..\nuspec\pack.cmd = ..\nuspec\pack.cmd
		..\nuspec\Plugin.UserDialogs.nuspec = ..\nuspec\Plugin.UserDialogs.nuspec
		..\nuspec\push.cmd = ..\nuspec\push.cmd
	EndProjectSection
EndProject
Project("{9A19103F-16F7-4668-BE54-9A1E7A4F7556}") = "Samples", "Samples\Samples\Samples.csproj", "{74CEE6C1-4CE8-4279-82AF-D5A5DDD76D18}"
EndProject
Project("{FAE04EC0-301F-11D3-BF4B-00C04F79EFBC}") = "Samples.iOS", "Samples\Samples.iOS\Samples.iOS.csproj", "{E65BABF2-F96E-4256-A169-4ECB8136FBB3}"
EndProject
Project("{FAE04EC0-301F-11D3-BF4B-00C04F79EFBC}") = "Samples.Droid", "Samples\Samples.Droid\Samples.Droid.csproj", "{1AA0F8D6-3F27-4461-B5FD-1C8F1000FCE3}"
EndProject
Project("{2150E333-8FDC-42A3-9474-1A3956D46DE8}") = "Sample", "Sample", "{48F9B619-4D7C-482C-9C09-56BD8D78D0FF}"
EndProject
Project("{9A19103F-16F7-4668-BE54-9A1E7A4F7556}") = "Acr.UserDialogs.Interface", "Acr.UserDialogs.Interface\Acr.UserDialogs.Interface.csproj", "{6A0AE941-711D-4C36-A311-960B65534B22}"
EndProject
Project("{FAE04EC0-301F-11D3-BF4B-00C04F79EFBC}") = "Acr.UserDialogs.Uwp", "Acr.UserDialogs.Uwp\Acr.UserDialogs.Uwp.csproj", "{E7273C26-D3E3-4161-B464-69CD6FE606B1}"
EndProject
Project("{FAE04EC0-301F-11D3-BF4B-00C04F79EFBC}") = "Samples.Uwp", "Samples\Samples.Uwp\Samples.Uwp.csproj", "{CCA8B1CA-C9C6-4441-BC45-B3A95EDB43FA}"
EndProject
Project("{2150E333-8FDC-42A3-9474-1A3956D46DE8}") = "docs", "docs", "{E016AD70-2C74-4ADE-8189-7E7D90018423}"
	ProjectSection(SolutionItems) = preProject
		..\docs\actionsheets.md = ..\docs\actionsheets.md
		..\docs\alerts.md = ..\docs\alerts.md
		..\docs\android.md = ..\docs\android.md
		..\docs\changelog.md = ..\docs\changelog.md
		..\docs\confirm.md = ..\docs\confirm.md
		..\docs\date.md = ..\docs\date.md
		..\docs\faq.md = ..\docs\faq.md
		..\ISSUE_TEMPLATE = ..\ISSUE_TEMPLATE
		..\docs\login.md = ..\docs\login.md
		..\docs\progress.md = ..\docs\progress.md
		..\docs\prompt.md = ..\docs\prompt.md
		..\readme.md = ..\readme.md
		..\docs\time.md = ..\docs\time.md
		..\docs\toasts.md = ..\docs\toasts.md
	EndProjectSection
EndProject
Project("{FAE04EC0-301F-11D3-BF4B-00C04F79EFBC}") = "Acr.UserDialogs.macOS", "Acr.UserDialogs.macOS\Acr.UserDialogs.macOS.csproj", "{8A0FC475-221D-4FE0-8308-3F703DC08F52}"
EndProject
Project("{FAE04EC0-301F-11D3-BF4B-00C04F79EFBC}") = "Samples.macOS", "Samples\Samples.macOS\Samples.macOS.csproj", "{6DF84C8C-CBA6-4BC1-9FB8-1600B189705A}"
EndProject
Global
	GlobalSection(SharedMSBuildProjectFiles) = preSolution
		Acr.UserDialogs.Shared\Acr.UserDialogs.Shared.projitems*{46b432f2-8bd9-4347-91c3-c8b08938be48}*SharedItemsImports = 13
		Acr.UserDialogs.Shared\Acr.UserDialogs.Shared.projitems*{4a67e27e-0e7f-4ef2-b3e6-2c24e18ef442}*SharedItemsImports = 4
		Acr.UserDialogs.Shared\Acr.UserDialogs.Shared.projitems*{8a0fc475-221d-4fe0-8308-3f703dc08f52}*SharedItemsImports = 4
		Acr.UserDialogs.Shared\Acr.UserDialogs.Shared.projitems*{ad34aa53-f275-4f18-a51c-9809c4e1f3bc}*SharedItemsImports = 4
		Acr.UserDialogs.Shared\Acr.UserDialogs.Shared.projitems*{dfa982a2-f6f7-4ffd-9f86-a1af11f7c4a1}*SharedItemsImports = 4
		Acr.UserDialogs.Shared\Acr.UserDialogs.Shared.projitems*{e7273c26-d3e3-4161-b464-69cd6fe606b1}*SharedItemsImports = 4
	EndGlobalSection
	GlobalSection(SolutionConfigurationPlatforms) = preSolution
		Ad-Hoc|Any CPU = Ad-Hoc|Any CPU
		Ad-Hoc|ARM = Ad-Hoc|ARM
		Ad-Hoc|iPhone = Ad-Hoc|iPhone
		Ad-Hoc|iPhoneSimulator = Ad-Hoc|iPhoneSimulator
		Ad-Hoc|Mixed Platforms = Ad-Hoc|Mixed Platforms
		Ad-Hoc|x64 = Ad-Hoc|x64
		Ad-Hoc|x86 = Ad-Hoc|x86
		AppStore|Any CPU = AppStore|Any CPU
		AppStore|ARM = AppStore|ARM
		AppStore|iPhone = AppStore|iPhone
		AppStore|iPhoneSimulator = AppStore|iPhoneSimulator
		AppStore|Mixed Platforms = AppStore|Mixed Platforms
		AppStore|x64 = AppStore|x64
		AppStore|x86 = AppStore|x86
		Debug|Any CPU = Debug|Any CPU
		Debug|ARM = Debug|ARM
		Debug|iPhone = Debug|iPhone
		Debug|iPhoneSimulator = Debug|iPhoneSimulator
		Debug|Mixed Platforms = Debug|Mixed Platforms
		Debug|x64 = Debug|x64
		Debug|x86 = Debug|x86
		Release|Any CPU = Release|Any CPU
		Release|ARM = Release|ARM
		Release|iPhone = Release|iPhone
		Release|iPhoneSimulator = Release|iPhoneSimulator
		Release|Mixed Platforms = Release|Mixed Platforms
		Release|x64 = Release|x64
		Release|x86 = Release|x86
	EndGlobalSection
	GlobalSection(ProjectConfigurationPlatforms) = postSolution
		{AD34AA53-F275-4F18-A51C-9809C4E1F3BC}.Ad-Hoc|Any CPU.ActiveCfg = Release|Any CPU
		{AD34AA53-F275-4F18-A51C-9809C4E1F3BC}.Ad-Hoc|ARM.ActiveCfg = Release|Any CPU
		{AD34AA53-F275-4F18-A51C-9809C4E1F3BC}.Ad-Hoc|iPhone.ActiveCfg = Debug|Any CPU
		{AD34AA53-F275-4F18-A51C-9809C4E1F3BC}.Ad-Hoc|iPhone.Build.0 = Debug|Any CPU
		{AD34AA53-F275-4F18-A51C-9809C4E1F3BC}.Ad-Hoc|iPhoneSimulator.ActiveCfg = Release|Any CPU
		{AD34AA53-F275-4F18-A51C-9809C4E1F3BC}.Ad-Hoc|Mixed Platforms.ActiveCfg = Release|Any CPU
		{AD34AA53-F275-4F18-A51C-9809C4E1F3BC}.Ad-Hoc|Mixed Platforms.Build.0 = Release|Any CPU
		{AD34AA53-F275-4F18-A51C-9809C4E1F3BC}.Ad-Hoc|x64.ActiveCfg = Release|Any CPU
		{AD34AA53-F275-4F18-A51C-9809C4E1F3BC}.Ad-Hoc|x86.ActiveCfg = Release|Any CPU
		{AD34AA53-F275-4F18-A51C-9809C4E1F3BC}.AppStore|Any CPU.ActiveCfg = Release|Any CPU
		{AD34AA53-F275-4F18-A51C-9809C4E1F3BC}.AppStore|ARM.ActiveCfg = Release|Any CPU
		{AD34AA53-F275-4F18-A51C-9809C4E1F3BC}.AppStore|iPhone.ActiveCfg = Debug|Any CPU
		{AD34AA53-F275-4F18-A51C-9809C4E1F3BC}.AppStore|iPhone.Build.0 = Debug|Any CPU
		{AD34AA53-F275-4F18-A51C-9809C4E1F3BC}.AppStore|iPhoneSimulator.ActiveCfg = Release|Any CPU
		{AD34AA53-F275-4F18-A51C-9809C4E1F3BC}.AppStore|Mixed Platforms.ActiveCfg = Release|Any CPU
		{AD34AA53-F275-4F18-A51C-9809C4E1F3BC}.AppStore|Mixed Platforms.Build.0 = Release|Any CPU
		{AD34AA53-F275-4F18-A51C-9809C4E1F3BC}.AppStore|x64.ActiveCfg = Release|Any CPU
		{AD34AA53-F275-4F18-A51C-9809C4E1F3BC}.AppStore|x86.ActiveCfg = Release|Any CPU
		{AD34AA53-F275-4F18-A51C-9809C4E1F3BC}.Debug|Any CPU.ActiveCfg = Debug|Any CPU
		{AD34AA53-F275-4F18-A51C-9809C4E1F3BC}.Debug|Any CPU.Build.0 = Debug|Any CPU
		{AD34AA53-F275-4F18-A51C-9809C4E1F3BC}.Debug|ARM.ActiveCfg = Debug|Any CPU
		{AD34AA53-F275-4F18-A51C-9809C4E1F3BC}.Debug|ARM.Build.0 = Debug|Any CPU
		{AD34AA53-F275-4F18-A51C-9809C4E1F3BC}.Debug|iPhone.ActiveCfg = Debug|Any CPU
		{AD34AA53-F275-4F18-A51C-9809C4E1F3BC}.Debug|iPhone.Build.0 = Debug|Any CPU
		{AD34AA53-F275-4F18-A51C-9809C4E1F3BC}.Debug|iPhoneSimulator.ActiveCfg = Debug|Any CPU
		{AD34AA53-F275-4F18-A51C-9809C4E1F3BC}.Debug|iPhoneSimulator.Build.0 = Debug|Any CPU
		{AD34AA53-F275-4F18-A51C-9809C4E1F3BC}.Debug|Mixed Platforms.ActiveCfg = Debug|Any CPU
		{AD34AA53-F275-4F18-A51C-9809C4E1F3BC}.Debug|Mixed Platforms.Build.0 = Debug|Any CPU
		{AD34AA53-F275-4F18-A51C-9809C4E1F3BC}.Debug|x64.ActiveCfg = Debug|Any CPU
		{AD34AA53-F275-4F18-A51C-9809C4E1F3BC}.Debug|x86.ActiveCfg = Debug|Any CPU
		{AD34AA53-F275-4F18-A51C-9809C4E1F3BC}.Release|Any CPU.ActiveCfg = Release|Any CPU
		{AD34AA53-F275-4F18-A51C-9809C4E1F3BC}.Release|Any CPU.Build.0 = Release|Any CPU
		{AD34AA53-F275-4F18-A51C-9809C4E1F3BC}.Release|ARM.ActiveCfg = Release|Any CPU
		{AD34AA53-F275-4F18-A51C-9809C4E1F3BC}.Release|iPhone.ActiveCfg = Release|Any CPU
		{AD34AA53-F275-4F18-A51C-9809C4E1F3BC}.Release|iPhone.Build.0 = Release|Any CPU
		{AD34AA53-F275-4F18-A51C-9809C4E1F3BC}.Release|iPhoneSimulator.ActiveCfg = Release|Any CPU
		{AD34AA53-F275-4F18-A51C-9809C4E1F3BC}.Release|iPhoneSimulator.Build.0 = Release|Any CPU
		{AD34AA53-F275-4F18-A51C-9809C4E1F3BC}.Release|Mixed Platforms.ActiveCfg = Release|Any CPU
		{AD34AA53-F275-4F18-A51C-9809C4E1F3BC}.Release|Mixed Platforms.Build.0 = Release|Any CPU
		{AD34AA53-F275-4F18-A51C-9809C4E1F3BC}.Release|x64.ActiveCfg = Release|Any CPU
		{AD34AA53-F275-4F18-A51C-9809C4E1F3BC}.Release|x86.ActiveCfg = Release|Any CPU
		{DFA982A2-F6F7-4FFD-9F86-A1AF11F7C4A1}.Ad-Hoc|Any CPU.ActiveCfg = Release|Any CPU
		{DFA982A2-F6F7-4FFD-9F86-A1AF11F7C4A1}.Ad-Hoc|ARM.ActiveCfg = Release|Any CPU
		{DFA982A2-F6F7-4FFD-9F86-A1AF11F7C4A1}.Ad-Hoc|iPhone.ActiveCfg = Debug|Any CPU
		{DFA982A2-F6F7-4FFD-9F86-A1AF11F7C4A1}.Ad-Hoc|iPhone.Build.0 = Debug|Any CPU
		{DFA982A2-F6F7-4FFD-9F86-A1AF11F7C4A1}.Ad-Hoc|iPhoneSimulator.ActiveCfg = Release|Any CPU
		{DFA982A2-F6F7-4FFD-9F86-A1AF11F7C4A1}.Ad-Hoc|Mixed Platforms.ActiveCfg = Release|Any CPU
		{DFA982A2-F6F7-4FFD-9F86-A1AF11F7C4A1}.Ad-Hoc|Mixed Platforms.Build.0 = Release|Any CPU
		{DFA982A2-F6F7-4FFD-9F86-A1AF11F7C4A1}.Ad-Hoc|x64.ActiveCfg = Release|Any CPU
		{DFA982A2-F6F7-4FFD-9F86-A1AF11F7C4A1}.Ad-Hoc|x86.ActiveCfg = Release|Any CPU
		{DFA982A2-F6F7-4FFD-9F86-A1AF11F7C4A1}.AppStore|Any CPU.ActiveCfg = Release|Any CPU
		{DFA982A2-F6F7-4FFD-9F86-A1AF11F7C4A1}.AppStore|ARM.ActiveCfg = Release|Any CPU
		{DFA982A2-F6F7-4FFD-9F86-A1AF11F7C4A1}.AppStore|iPhone.ActiveCfg = Debug|Any CPU
		{DFA982A2-F6F7-4FFD-9F86-A1AF11F7C4A1}.AppStore|iPhone.Build.0 = Debug|Any CPU
		{DFA982A2-F6F7-4FFD-9F86-A1AF11F7C4A1}.AppStore|iPhoneSimulator.ActiveCfg = Release|Any CPU
		{DFA982A2-F6F7-4FFD-9F86-A1AF11F7C4A1}.AppStore|Mixed Platforms.ActiveCfg = Release|Any CPU
		{DFA982A2-F6F7-4FFD-9F86-A1AF11F7C4A1}.AppStore|Mixed Platforms.Build.0 = Release|Any CPU
		{DFA982A2-F6F7-4FFD-9F86-A1AF11F7C4A1}.AppStore|x64.ActiveCfg = Release|Any CPU
		{DFA982A2-F6F7-4FFD-9F86-A1AF11F7C4A1}.AppStore|x86.ActiveCfg = Release|Any CPU
		{DFA982A2-F6F7-4FFD-9F86-A1AF11F7C4A1}.Debug|Any CPU.ActiveCfg = Debug|Any CPU
		{DFA982A2-F6F7-4FFD-9F86-A1AF11F7C4A1}.Debug|Any CPU.Build.0 = Debug|Any CPU
		{DFA982A2-F6F7-4FFD-9F86-A1AF11F7C4A1}.Debug|ARM.ActiveCfg = Debug|Any CPU
		{DFA982A2-F6F7-4FFD-9F86-A1AF11F7C4A1}.Debug|iPhone.ActiveCfg = Debug|Any CPU
		{DFA982A2-F6F7-4FFD-9F86-A1AF11F7C4A1}.Debug|iPhone.Build.0 = Debug|Any CPU
		{DFA982A2-F6F7-4FFD-9F86-A1AF11F7C4A1}.Debug|iPhoneSimulator.ActiveCfg = Debug|Any CPU
		{DFA982A2-F6F7-4FFD-9F86-A1AF11F7C4A1}.Debug|iPhoneSimulator.Build.0 = Debug|Any CPU
		{DFA982A2-F6F7-4FFD-9F86-A1AF11F7C4A1}.Debug|Mixed Platforms.ActiveCfg = Debug|Any CPU
		{DFA982A2-F6F7-4FFD-9F86-A1AF11F7C4A1}.Debug|Mixed Platforms.Build.0 = Debug|Any CPU
		{DFA982A2-F6F7-4FFD-9F86-A1AF11F7C4A1}.Debug|x64.ActiveCfg = Debug|Any CPU
		{DFA982A2-F6F7-4FFD-9F86-A1AF11F7C4A1}.Debug|x86.ActiveCfg = Debug|Any CPU
		{DFA982A2-F6F7-4FFD-9F86-A1AF11F7C4A1}.Release|Any CPU.ActiveCfg = Release|Any CPU
		{DFA982A2-F6F7-4FFD-9F86-A1AF11F7C4A1}.Release|Any CPU.Build.0 = Release|Any CPU
		{DFA982A2-F6F7-4FFD-9F86-A1AF11F7C4A1}.Release|ARM.ActiveCfg = Release|Any CPU
		{DFA982A2-F6F7-4FFD-9F86-A1AF11F7C4A1}.Release|iPhone.ActiveCfg = Release|Any CPU
		{DFA982A2-F6F7-4FFD-9F86-A1AF11F7C4A1}.Release|iPhone.Build.0 = Release|Any CPU
		{DFA982A2-F6F7-4FFD-9F86-A1AF11F7C4A1}.Release|iPhoneSimulator.ActiveCfg = Release|Any CPU
		{DFA982A2-F6F7-4FFD-9F86-A1AF11F7C4A1}.Release|iPhoneSimulator.Build.0 = Release|Any CPU
		{DFA982A2-F6F7-4FFD-9F86-A1AF11F7C4A1}.Release|Mixed Platforms.ActiveCfg = Release|Any CPU
		{DFA982A2-F6F7-4FFD-9F86-A1AF11F7C4A1}.Release|Mixed Platforms.Build.0 = Release|Any CPU
		{DFA982A2-F6F7-4FFD-9F86-A1AF11F7C4A1}.Release|x64.ActiveCfg = Release|Any CPU
		{DFA982A2-F6F7-4FFD-9F86-A1AF11F7C4A1}.Release|x86.ActiveCfg = Release|Any CPU
		{4A67E27E-0E7F-4EF2-B3E6-2C24E18EF442}.Ad-Hoc|Any CPU.ActiveCfg = Release|Any CPU
		{4A67E27E-0E7F-4EF2-B3E6-2C24E18EF442}.Ad-Hoc|ARM.ActiveCfg = Release|Any CPU
		{4A67E27E-0E7F-4EF2-B3E6-2C24E18EF442}.Ad-Hoc|iPhone.ActiveCfg = Debug|Any CPU
		{4A67E27E-0E7F-4EF2-B3E6-2C24E18EF442}.Ad-Hoc|iPhone.Build.0 = Debug|Any CPU
		{4A67E27E-0E7F-4EF2-B3E6-2C24E18EF442}.Ad-Hoc|iPhoneSimulator.ActiveCfg = Release|Any CPU
		{4A67E27E-0E7F-4EF2-B3E6-2C24E18EF442}.Ad-Hoc|Mixed Platforms.ActiveCfg = Release|Any CPU
		{4A67E27E-0E7F-4EF2-B3E6-2C24E18EF442}.Ad-Hoc|Mixed Platforms.Build.0 = Release|Any CPU
		{4A67E27E-0E7F-4EF2-B3E6-2C24E18EF442}.Ad-Hoc|x64.ActiveCfg = Release|Any CPU
		{4A67E27E-0E7F-4EF2-B3E6-2C24E18EF442}.Ad-Hoc|x86.ActiveCfg = Release|Any CPU
		{4A67E27E-0E7F-4EF2-B3E6-2C24E18EF442}.AppStore|Any CPU.ActiveCfg = Release|Any CPU
		{4A67E27E-0E7F-4EF2-B3E6-2C24E18EF442}.AppStore|ARM.ActiveCfg = Release|Any CPU
		{4A67E27E-0E7F-4EF2-B3E6-2C24E18EF442}.AppStore|iPhone.ActiveCfg = Debug|Any CPU
		{4A67E27E-0E7F-4EF2-B3E6-2C24E18EF442}.AppStore|iPhone.Build.0 = Debug|Any CPU
		{4A67E27E-0E7F-4EF2-B3E6-2C24E18EF442}.AppStore|iPhoneSimulator.ActiveCfg = Release|Any CPU
		{4A67E27E-0E7F-4EF2-B3E6-2C24E18EF442}.AppStore|Mixed Platforms.ActiveCfg = Release|Any CPU
		{4A67E27E-0E7F-4EF2-B3E6-2C24E18EF442}.AppStore|Mixed Platforms.Build.0 = Release|Any CPU
		{4A67E27E-0E7F-4EF2-B3E6-2C24E18EF442}.AppStore|x64.ActiveCfg = Release|Any CPU
		{4A67E27E-0E7F-4EF2-B3E6-2C24E18EF442}.AppStore|x86.ActiveCfg = Release|Any CPU
		{4A67E27E-0E7F-4EF2-B3E6-2C24E18EF442}.Debug|Any CPU.ActiveCfg = Debug|Any CPU
		{4A67E27E-0E7F-4EF2-B3E6-2C24E18EF442}.Debug|Any CPU.Build.0 = Debug|Any CPU
		{4A67E27E-0E7F-4EF2-B3E6-2C24E18EF442}.Debug|ARM.ActiveCfg = Debug|Any CPU
		{4A67E27E-0E7F-4EF2-B3E6-2C24E18EF442}.Debug|iPhone.ActiveCfg = Debug|Any CPU
		{4A67E27E-0E7F-4EF2-B3E6-2C24E18EF442}.Debug|iPhone.Build.0 = Debug|Any CPU
		{4A67E27E-0E7F-4EF2-B3E6-2C24E18EF442}.Debug|iPhoneSimulator.ActiveCfg = Debug|Any CPU
		{4A67E27E-0E7F-4EF2-B3E6-2C24E18EF442}.Debug|iPhoneSimulator.Build.0 = Debug|Any CPU
		{4A67E27E-0E7F-4EF2-B3E6-2C24E18EF442}.Debug|Mixed Platforms.ActiveCfg = Debug|Any CPU
		{4A67E27E-0E7F-4EF2-B3E6-2C24E18EF442}.Debug|Mixed Platforms.Build.0 = Debug|Any CPU
		{4A67E27E-0E7F-4EF2-B3E6-2C24E18EF442}.Debug|x64.ActiveCfg = Debug|Any CPU
		{4A67E27E-0E7F-4EF2-B3E6-2C24E18EF442}.Debug|x86.ActiveCfg = Debug|Any CPU
		{4A67E27E-0E7F-4EF2-B3E6-2C24E18EF442}.Release|Any CPU.ActiveCfg = Release|Any CPU
		{4A67E27E-0E7F-4EF2-B3E6-2C24E18EF442}.Release|Any CPU.Build.0 = Release|Any CPU
		{4A67E27E-0E7F-4EF2-B3E6-2C24E18EF442}.Release|ARM.ActiveCfg = Release|Any CPU
		{4A67E27E-0E7F-4EF2-B3E6-2C24E18EF442}.Release|iPhone.ActiveCfg = Release|Any CPU
		{4A67E27E-0E7F-4EF2-B3E6-2C24E18EF442}.Release|iPhone.Build.0 = Release|Any CPU
		{4A67E27E-0E7F-4EF2-B3E6-2C24E18EF442}.Release|iPhoneSimulator.ActiveCfg = Release|Any CPU
		{4A67E27E-0E7F-4EF2-B3E6-2C24E18EF442}.Release|iPhoneSimulator.Build.0 = Release|Any CPU
		{4A67E27E-0E7F-4EF2-B3E6-2C24E18EF442}.Release|Mixed Platforms.ActiveCfg = Release|Any CPU
		{4A67E27E-0E7F-4EF2-B3E6-2C24E18EF442}.Release|Mixed Platforms.Build.0 = Release|Any CPU
		{4A67E27E-0E7F-4EF2-B3E6-2C24E18EF442}.Release|x64.ActiveCfg = Release|Any CPU
		{4A67E27E-0E7F-4EF2-B3E6-2C24E18EF442}.Release|x86.ActiveCfg = Release|Any CPU
		{74CEE6C1-4CE8-4279-82AF-D5A5DDD76D18}.Ad-Hoc|Any CPU.ActiveCfg = Release|Any CPU
		{74CEE6C1-4CE8-4279-82AF-D5A5DDD76D18}.Ad-Hoc|Any CPU.Build.0 = Release|Any CPU
		{74CEE6C1-4CE8-4279-82AF-D5A5DDD76D18}.Ad-Hoc|ARM.ActiveCfg = Release|Any CPU
		{74CEE6C1-4CE8-4279-82AF-D5A5DDD76D18}.Ad-Hoc|iPhone.ActiveCfg = Release|Any CPU
		{74CEE6C1-4CE8-4279-82AF-D5A5DDD76D18}.Ad-Hoc|iPhoneSimulator.ActiveCfg = Release|Any CPU
		{74CEE6C1-4CE8-4279-82AF-D5A5DDD76D18}.Ad-Hoc|Mixed Platforms.ActiveCfg = Release|Any CPU
		{74CEE6C1-4CE8-4279-82AF-D5A5DDD76D18}.Ad-Hoc|Mixed Platforms.Build.0 = Release|Any CPU
		{74CEE6C1-4CE8-4279-82AF-D5A5DDD76D18}.Ad-Hoc|x64.ActiveCfg = Release|Any CPU
		{74CEE6C1-4CE8-4279-82AF-D5A5DDD76D18}.Ad-Hoc|x86.ActiveCfg = Release|Any CPU
		{74CEE6C1-4CE8-4279-82AF-D5A5DDD76D18}.AppStore|Any CPU.ActiveCfg = Release|Any CPU
		{74CEE6C1-4CE8-4279-82AF-D5A5DDD76D18}.AppStore|Any CPU.Build.0 = Release|Any CPU
		{74CEE6C1-4CE8-4279-82AF-D5A5DDD76D18}.AppStore|ARM.ActiveCfg = Release|Any CPU
		{74CEE6C1-4CE8-4279-82AF-D5A5DDD76D18}.AppStore|iPhone.ActiveCfg = Release|Any CPU
		{74CEE6C1-4CE8-4279-82AF-D5A5DDD76D18}.AppStore|iPhoneSimulator.ActiveCfg = Release|Any CPU
		{74CEE6C1-4CE8-4279-82AF-D5A5DDD76D18}.AppStore|Mixed Platforms.ActiveCfg = Release|Any CPU
		{74CEE6C1-4CE8-4279-82AF-D5A5DDD76D18}.AppStore|Mixed Platforms.Build.0 = Release|Any CPU
		{74CEE6C1-4CE8-4279-82AF-D5A5DDD76D18}.AppStore|x64.ActiveCfg = Release|Any CPU
		{74CEE6C1-4CE8-4279-82AF-D5A5DDD76D18}.AppStore|x86.ActiveCfg = Release|Any CPU
		{74CEE6C1-4CE8-4279-82AF-D5A5DDD76D18}.Debug|Any CPU.ActiveCfg = Debug|Any CPU
		{74CEE6C1-4CE8-4279-82AF-D5A5DDD76D18}.Debug|Any CPU.Build.0 = Debug|Any CPU
		{74CEE6C1-4CE8-4279-82AF-D5A5DDD76D18}.Debug|ARM.ActiveCfg = Debug|Any CPU
		{74CEE6C1-4CE8-4279-82AF-D5A5DDD76D18}.Debug|ARM.Build.0 = Debug|Any CPU
		{74CEE6C1-4CE8-4279-82AF-D5A5DDD76D18}.Debug|iPhone.ActiveCfg = Debug|Any CPU
		{74CEE6C1-4CE8-4279-82AF-D5A5DDD76D18}.Debug|iPhone.Build.0 = Debug|Any CPU
		{74CEE6C1-4CE8-4279-82AF-D5A5DDD76D18}.Debug|iPhoneSimulator.ActiveCfg = Debug|Any CPU
		{74CEE6C1-4CE8-4279-82AF-D5A5DDD76D18}.Debug|iPhoneSimulator.Build.0 = Debug|Any CPU
		{74CEE6C1-4CE8-4279-82AF-D5A5DDD76D18}.Debug|Mixed Platforms.ActiveCfg = Debug|Any CPU
		{74CEE6C1-4CE8-4279-82AF-D5A5DDD76D18}.Debug|Mixed Platforms.Build.0 = Debug|Any CPU
		{74CEE6C1-4CE8-4279-82AF-D5A5DDD76D18}.Debug|x64.ActiveCfg = Debug|Any CPU
		{74CEE6C1-4CE8-4279-82AF-D5A5DDD76D18}.Debug|x86.ActiveCfg = Debug|Any CPU
		{74CEE6C1-4CE8-4279-82AF-D5A5DDD76D18}.Release|Any CPU.ActiveCfg = Release|Any CPU
		{74CEE6C1-4CE8-4279-82AF-D5A5DDD76D18}.Release|Any CPU.Build.0 = Release|Any CPU
		{74CEE6C1-4CE8-4279-82AF-D5A5DDD76D18}.Release|ARM.ActiveCfg = Release|Any CPU
		{74CEE6C1-4CE8-4279-82AF-D5A5DDD76D18}.Release|iPhone.ActiveCfg = Release|Any CPU
		{74CEE6C1-4CE8-4279-82AF-D5A5DDD76D18}.Release|iPhone.Build.0 = Release|Any CPU
		{74CEE6C1-4CE8-4279-82AF-D5A5DDD76D18}.Release|iPhoneSimulator.ActiveCfg = Release|Any CPU
		{74CEE6C1-4CE8-4279-82AF-D5A5DDD76D18}.Release|iPhoneSimulator.Build.0 = Release|Any CPU
		{74CEE6C1-4CE8-4279-82AF-D5A5DDD76D18}.Release|Mixed Platforms.ActiveCfg = Release|Any CPU
		{74CEE6C1-4CE8-4279-82AF-D5A5DDD76D18}.Release|Mixed Platforms.Build.0 = Release|Any CPU
		{74CEE6C1-4CE8-4279-82AF-D5A5DDD76D18}.Release|x64.ActiveCfg = Release|Any CPU
		{74CEE6C1-4CE8-4279-82AF-D5A5DDD76D18}.Release|x86.ActiveCfg = Release|Any CPU
		{E65BABF2-F96E-4256-A169-4ECB8136FBB3}.Ad-Hoc|Any CPU.ActiveCfg = Ad-Hoc|iPhone
		{E65BABF2-F96E-4256-A169-4ECB8136FBB3}.Ad-Hoc|ARM.ActiveCfg = Ad-Hoc|iPhone
		{E65BABF2-F96E-4256-A169-4ECB8136FBB3}.Ad-Hoc|iPhone.ActiveCfg = Ad-Hoc|iPhone
		{E65BABF2-F96E-4256-A169-4ECB8136FBB3}.Ad-Hoc|iPhone.Build.0 = Ad-Hoc|iPhone
		{E65BABF2-F96E-4256-A169-4ECB8136FBB3}.Ad-Hoc|iPhoneSimulator.ActiveCfg = Ad-Hoc|iPhoneSimulator
		{E65BABF2-F96E-4256-A169-4ECB8136FBB3}.Ad-Hoc|iPhoneSimulator.Build.0 = Ad-Hoc|iPhoneSimulator
		{E65BABF2-F96E-4256-A169-4ECB8136FBB3}.Ad-Hoc|Mixed Platforms.ActiveCfg = Ad-Hoc|iPhone
		{E65BABF2-F96E-4256-A169-4ECB8136FBB3}.Ad-Hoc|Mixed Platforms.Build.0 = Ad-Hoc|iPhone
		{E65BABF2-F96E-4256-A169-4ECB8136FBB3}.Ad-Hoc|x64.ActiveCfg = Ad-Hoc|iPhone
		{E65BABF2-F96E-4256-A169-4ECB8136FBB3}.Ad-Hoc|x86.ActiveCfg = Ad-Hoc|iPhone
		{E65BABF2-F96E-4256-A169-4ECB8136FBB3}.AppStore|Any CPU.ActiveCfg = AppStore|iPhone
		{E65BABF2-F96E-4256-A169-4ECB8136FBB3}.AppStore|ARM.ActiveCfg = AppStore|iPhone
		{E65BABF2-F96E-4256-A169-4ECB8136FBB3}.AppStore|iPhone.ActiveCfg = AppStore|iPhone
		{E65BABF2-F96E-4256-A169-4ECB8136FBB3}.AppStore|iPhone.Build.0 = AppStore|iPhone
		{E65BABF2-F96E-4256-A169-4ECB8136FBB3}.AppStore|iPhoneSimulator.ActiveCfg = AppStore|iPhoneSimulator
		{E65BABF2-F96E-4256-A169-4ECB8136FBB3}.AppStore|iPhoneSimulator.Build.0 = AppStore|iPhoneSimulator
		{E65BABF2-F96E-4256-A169-4ECB8136FBB3}.AppStore|Mixed Platforms.ActiveCfg = AppStore|iPhone
		{E65BABF2-F96E-4256-A169-4ECB8136FBB3}.AppStore|Mixed Platforms.Build.0 = AppStore|iPhone
		{E65BABF2-F96E-4256-A169-4ECB8136FBB3}.AppStore|x64.ActiveCfg = AppStore|iPhone
		{E65BABF2-F96E-4256-A169-4ECB8136FBB3}.AppStore|x86.ActiveCfg = AppStore|iPhone
		{E65BABF2-F96E-4256-A169-4ECB8136FBB3}.Debug|Any CPU.ActiveCfg = Debug|iPhone
		{E65BABF2-F96E-4256-A169-4ECB8136FBB3}.Debug|Any CPU.Build.0 = Debug|iPhone
		{E65BABF2-F96E-4256-A169-4ECB8136FBB3}.Debug|ARM.ActiveCfg = Debug|iPhone
		{E65BABF2-F96E-4256-A169-4ECB8136FBB3}.Debug|ARM.Build.0 = Debug|iPhone
		{E65BABF2-F96E-4256-A169-4ECB8136FBB3}.Debug|iPhone.ActiveCfg = Debug|iPhone
		{E65BABF2-F96E-4256-A169-4ECB8136FBB3}.Debug|iPhone.Build.0 = Debug|iPhone
		{E65BABF2-F96E-4256-A169-4ECB8136FBB3}.Debug|iPhoneSimulator.ActiveCfg = Debug|iPhoneSimulator
		{E65BABF2-F96E-4256-A169-4ECB8136FBB3}.Debug|iPhoneSimulator.Build.0 = Debug|iPhoneSimulator
		{E65BABF2-F96E-4256-A169-4ECB8136FBB3}.Debug|Mixed Platforms.ActiveCfg = Debug|iPhone
		{E65BABF2-F96E-4256-A169-4ECB8136FBB3}.Debug|Mixed Platforms.Build.0 = Debug|iPhone
		{E65BABF2-F96E-4256-A169-4ECB8136FBB3}.Debug|x64.ActiveCfg = Debug|iPhone
		{E65BABF2-F96E-4256-A169-4ECB8136FBB3}.Debug|x86.ActiveCfg = Debug|iPhone
		{E65BABF2-F96E-4256-A169-4ECB8136FBB3}.Release|Any CPU.ActiveCfg = Release|iPhone
		{E65BABF2-F96E-4256-A169-4ECB8136FBB3}.Release|ARM.ActiveCfg = Release|iPhone
		{E65BABF2-F96E-4256-A169-4ECB8136FBB3}.Release|iPhone.ActiveCfg = Release|iPhone
		{E65BABF2-F96E-4256-A169-4ECB8136FBB3}.Release|iPhone.Build.0 = Release|iPhone
		{E65BABF2-F96E-4256-A169-4ECB8136FBB3}.Release|iPhoneSimulator.ActiveCfg = Release|iPhoneSimulator
		{E65BABF2-F96E-4256-A169-4ECB8136FBB3}.Release|iPhoneSimulator.Build.0 = Release|iPhoneSimulator
		{E65BABF2-F96E-4256-A169-4ECB8136FBB3}.Release|Mixed Platforms.ActiveCfg = Release|iPhone
		{E65BABF2-F96E-4256-A169-4ECB8136FBB3}.Release|Mixed Platforms.Build.0 = Release|iPhone
		{E65BABF2-F96E-4256-A169-4ECB8136FBB3}.Release|x64.ActiveCfg = Release|iPhone
		{E65BABF2-F96E-4256-A169-4ECB8136FBB3}.Release|x86.ActiveCfg = Release|iPhone
		{1AA0F8D6-3F27-4461-B5FD-1C8F1000FCE3}.Ad-Hoc|Any CPU.ActiveCfg = Release|Any CPU
		{1AA0F8D6-3F27-4461-B5FD-1C8F1000FCE3}.Ad-Hoc|Any CPU.Build.0 = Release|Any CPU
		{1AA0F8D6-3F27-4461-B5FD-1C8F1000FCE3}.Ad-Hoc|Any CPU.Deploy.0 = Release|Any CPU
		{1AA0F8D6-3F27-4461-B5FD-1C8F1000FCE3}.Ad-Hoc|ARM.ActiveCfg = Release|Any CPU
		{1AA0F8D6-3F27-4461-B5FD-1C8F1000FCE3}.Ad-Hoc|iPhone.ActiveCfg = Release|Any CPU
		{1AA0F8D6-3F27-4461-B5FD-1C8F1000FCE3}.Ad-Hoc|iPhoneSimulator.ActiveCfg = Release|Any CPU
		{1AA0F8D6-3F27-4461-B5FD-1C8F1000FCE3}.Ad-Hoc|Mixed Platforms.ActiveCfg = Release|Any CPU
		{1AA0F8D6-3F27-4461-B5FD-1C8F1000FCE3}.Ad-Hoc|Mixed Platforms.Build.0 = Release|Any CPU
		{1AA0F8D6-3F27-4461-B5FD-1C8F1000FCE3}.Ad-Hoc|Mixed Platforms.Deploy.0 = Release|Any CPU
		{1AA0F8D6-3F27-4461-B5FD-1C8F1000FCE3}.Ad-Hoc|x64.ActiveCfg = Release|Any CPU
		{1AA0F8D6-3F27-4461-B5FD-1C8F1000FCE3}.Ad-Hoc|x86.ActiveCfg = Release|Any CPU
		{1AA0F8D6-3F27-4461-B5FD-1C8F1000FCE3}.AppStore|Any CPU.ActiveCfg = Release|Any CPU
		{1AA0F8D6-3F27-4461-B5FD-1C8F1000FCE3}.AppStore|Any CPU.Build.0 = Release|Any CPU
		{1AA0F8D6-3F27-4461-B5FD-1C8F1000FCE3}.AppStore|Any CPU.Deploy.0 = Release|Any CPU
		{1AA0F8D6-3F27-4461-B5FD-1C8F1000FCE3}.AppStore|ARM.ActiveCfg = Release|Any CPU
		{1AA0F8D6-3F27-4461-B5FD-1C8F1000FCE3}.AppStore|iPhone.ActiveCfg = Release|Any CPU
		{1AA0F8D6-3F27-4461-B5FD-1C8F1000FCE3}.AppStore|iPhoneSimulator.ActiveCfg = Release|Any CPU
		{1AA0F8D6-3F27-4461-B5FD-1C8F1000FCE3}.AppStore|Mixed Platforms.ActiveCfg = Release|Any CPU
		{1AA0F8D6-3F27-4461-B5FD-1C8F1000FCE3}.AppStore|Mixed Platforms.Build.0 = Release|Any CPU
		{1AA0F8D6-3F27-4461-B5FD-1C8F1000FCE3}.AppStore|Mixed Platforms.Deploy.0 = Release|Any CPU
		{1AA0F8D6-3F27-4461-B5FD-1C8F1000FCE3}.AppStore|x64.ActiveCfg = Release|Any CPU
		{1AA0F8D6-3F27-4461-B5FD-1C8F1000FCE3}.AppStore|x86.ActiveCfg = Release|Any CPU
		{1AA0F8D6-3F27-4461-B5FD-1C8F1000FCE3}.Debug|Any CPU.ActiveCfg = Debug|Any CPU
		{1AA0F8D6-3F27-4461-B5FD-1C8F1000FCE3}.Debug|Any CPU.Build.0 = Debug|Any CPU
		{1AA0F8D6-3F27-4461-B5FD-1C8F1000FCE3}.Debug|Any CPU.Deploy.0 = Debug|Any CPU
		{1AA0F8D6-3F27-4461-B5FD-1C8F1000FCE3}.Debug|ARM.ActiveCfg = Debug|Any CPU
		{1AA0F8D6-3F27-4461-B5FD-1C8F1000FCE3}.Debug|iPhone.ActiveCfg = Debug|Any CPU
		{1AA0F8D6-3F27-4461-B5FD-1C8F1000FCE3}.Debug|iPhoneSimulator.ActiveCfg = Debug|Any CPU
		{1AA0F8D6-3F27-4461-B5FD-1C8F1000FCE3}.Debug|iPhoneSimulator.Build.0 = Debug|Any CPU
		{1AA0F8D6-3F27-4461-B5FD-1C8F1000FCE3}.Debug|Mixed Platforms.ActiveCfg = Debug|Any CPU
		{1AA0F8D6-3F27-4461-B5FD-1C8F1000FCE3}.Debug|Mixed Platforms.Build.0 = Debug|Any CPU
		{1AA0F8D6-3F27-4461-B5FD-1C8F1000FCE3}.Debug|Mixed Platforms.Deploy.0 = Debug|Any CPU
		{1AA0F8D6-3F27-4461-B5FD-1C8F1000FCE3}.Debug|x64.ActiveCfg = Debug|Any CPU
		{1AA0F8D6-3F27-4461-B5FD-1C8F1000FCE3}.Debug|x86.ActiveCfg = Debug|Any CPU
		{1AA0F8D6-3F27-4461-B5FD-1C8F1000FCE3}.Release|Any CPU.ActiveCfg = Release|Any CPU
		{1AA0F8D6-3F27-4461-B5FD-1C8F1000FCE3}.Release|ARM.ActiveCfg = Release|Any CPU
		{1AA0F8D6-3F27-4461-B5FD-1C8F1000FCE3}.Release|iPhone.ActiveCfg = Release|Any CPU
		{1AA0F8D6-3F27-4461-B5FD-1C8F1000FCE3}.Release|iPhone.Build.0 = Release|Any CPU
		{1AA0F8D6-3F27-4461-B5FD-1C8F1000FCE3}.Release|iPhoneSimulator.ActiveCfg = Release|Any CPU
		{1AA0F8D6-3F27-4461-B5FD-1C8F1000FCE3}.Release|iPhoneSimulator.Build.0 = Release|Any CPU
		{1AA0F8D6-3F27-4461-B5FD-1C8F1000FCE3}.Release|Mixed Platforms.ActiveCfg = Release|Any CPU
		{1AA0F8D6-3F27-4461-B5FD-1C8F1000FCE3}.Release|Mixed Platforms.Build.0 = Release|Any CPU
		{1AA0F8D6-3F27-4461-B5FD-1C8F1000FCE3}.Release|Mixed Platforms.Deploy.0 = Release|Any CPU
		{1AA0F8D6-3F27-4461-B5FD-1C8F1000FCE3}.Release|x64.ActiveCfg = Release|Any CPU
		{1AA0F8D6-3F27-4461-B5FD-1C8F1000FCE3}.Release|x86.ActiveCfg = Release|Any CPU
		{6A0AE941-711D-4C36-A311-960B65534B22}.Ad-Hoc|Any CPU.ActiveCfg = Release|Any CPU
		{6A0AE941-711D-4C36-A311-960B65534B22}.Ad-Hoc|Any CPU.Build.0 = Release|Any CPU
		{6A0AE941-711D-4C36-A311-960B65534B22}.Ad-Hoc|ARM.ActiveCfg = Release|Any CPU
		{6A0AE941-711D-4C36-A311-960B65534B22}.Ad-Hoc|iPhone.ActiveCfg = Release|Any CPU
		{6A0AE941-711D-4C36-A311-960B65534B22}.Ad-Hoc|iPhoneSimulator.ActiveCfg = Release|Any CPU
		{6A0AE941-711D-4C36-A311-960B65534B22}.Ad-Hoc|Mixed Platforms.ActiveCfg = Release|Any CPU
		{6A0AE941-711D-4C36-A311-960B65534B22}.Ad-Hoc|Mixed Platforms.Build.0 = Release|Any CPU
		{6A0AE941-711D-4C36-A311-960B65534B22}.Ad-Hoc|x64.ActiveCfg = Release|Any CPU
		{6A0AE941-711D-4C36-A311-960B65534B22}.Ad-Hoc|x86.ActiveCfg = Release|Any CPU
		{6A0AE941-711D-4C36-A311-960B65534B22}.AppStore|Any CPU.ActiveCfg = Release|Any CPU
		{6A0AE941-711D-4C36-A311-960B65534B22}.AppStore|Any CPU.Build.0 = Release|Any CPU
		{6A0AE941-711D-4C36-A311-960B65534B22}.AppStore|ARM.ActiveCfg = Release|Any CPU
		{6A0AE941-711D-4C36-A311-960B65534B22}.AppStore|iPhone.ActiveCfg = Release|Any CPU
		{6A0AE941-711D-4C36-A311-960B65534B22}.AppStore|iPhoneSimulator.ActiveCfg = Release|Any CPU
		{6A0AE941-711D-4C36-A311-960B65534B22}.AppStore|Mixed Platforms.ActiveCfg = Release|Any CPU
		{6A0AE941-711D-4C36-A311-960B65534B22}.AppStore|Mixed Platforms.Build.0 = Release|Any CPU
		{6A0AE941-711D-4C36-A311-960B65534B22}.AppStore|x64.ActiveCfg = Release|Any CPU
		{6A0AE941-711D-4C36-A311-960B65534B22}.AppStore|x86.ActiveCfg = Release|Any CPU
		{6A0AE941-711D-4C36-A311-960B65534B22}.Debug|Any CPU.ActiveCfg = Debug|Any CPU
		{6A0AE941-711D-4C36-A311-960B65534B22}.Debug|Any CPU.Build.0 = Debug|Any CPU
		{6A0AE941-711D-4C36-A311-960B65534B22}.Debug|ARM.ActiveCfg = Debug|Any CPU
		{6A0AE941-711D-4C36-A311-960B65534B22}.Debug|ARM.Build.0 = Debug|Any CPU
		{6A0AE941-711D-4C36-A311-960B65534B22}.Debug|iPhone.ActiveCfg = Debug|Any CPU
		{6A0AE941-711D-4C36-A311-960B65534B22}.Debug|iPhone.Build.0 = Debug|Any CPU
		{6A0AE941-711D-4C36-A311-960B65534B22}.Debug|iPhoneSimulator.ActiveCfg = Debug|Any CPU
		{6A0AE941-711D-4C36-A311-960B65534B22}.Debug|iPhoneSimulator.Build.0 = Debug|Any CPU
		{6A0AE941-711D-4C36-A311-960B65534B22}.Debug|Mixed Platforms.ActiveCfg = Debug|Any CPU
		{6A0AE941-711D-4C36-A311-960B65534B22}.Debug|Mixed Platforms.Build.0 = Debug|Any CPU
		{6A0AE941-711D-4C36-A311-960B65534B22}.Debug|x64.ActiveCfg = Debug|Any CPU
		{6A0AE941-711D-4C36-A311-960B65534B22}.Debug|x86.ActiveCfg = Debug|Any CPU
		{6A0AE941-711D-4C36-A311-960B65534B22}.Release|Any CPU.ActiveCfg = Release|Any CPU
		{6A0AE941-711D-4C36-A311-960B65534B22}.Release|Any CPU.Build.0 = Release|Any CPU
		{6A0AE941-711D-4C36-A311-960B65534B22}.Release|ARM.ActiveCfg = Release|Any CPU
		{6A0AE941-711D-4C36-A311-960B65534B22}.Release|iPhone.ActiveCfg = Release|Any CPU
		{6A0AE941-711D-4C36-A311-960B65534B22}.Release|iPhone.Build.0 = Release|Any CPU
		{6A0AE941-711D-4C36-A311-960B65534B22}.Release|iPhoneSimulator.ActiveCfg = Release|Any CPU
		{6A0AE941-711D-4C36-A311-960B65534B22}.Release|iPhoneSimulator.Build.0 = Release|Any CPU
		{6A0AE941-711D-4C36-A311-960B65534B22}.Release|Mixed Platforms.ActiveCfg = Release|Any CPU
		{6A0AE941-711D-4C36-A311-960B65534B22}.Release|Mixed Platforms.Build.0 = Release|Any CPU
		{6A0AE941-711D-4C36-A311-960B65534B22}.Release|x64.ActiveCfg = Release|Any CPU
		{6A0AE941-711D-4C36-A311-960B65534B22}.Release|x86.ActiveCfg = Release|Any CPU
		{E7273C26-D3E3-4161-B464-69CD6FE606B1}.Ad-Hoc|Any CPU.ActiveCfg = Release|Any CPU
		{E7273C26-D3E3-4161-B464-69CD6FE606B1}.Ad-Hoc|Any CPU.Build.0 = Release|Any CPU
		{E7273C26-D3E3-4161-B464-69CD6FE606B1}.Ad-Hoc|ARM.ActiveCfg = Release|ARM
		{E7273C26-D3E3-4161-B464-69CD6FE606B1}.Ad-Hoc|ARM.Build.0 = Release|ARM
		{E7273C26-D3E3-4161-B464-69CD6FE606B1}.Ad-Hoc|iPhone.ActiveCfg = Release|Any CPU
		{E7273C26-D3E3-4161-B464-69CD6FE606B1}.Ad-Hoc|iPhone.Build.0 = Release|Any CPU
		{E7273C26-D3E3-4161-B464-69CD6FE606B1}.Ad-Hoc|iPhoneSimulator.ActiveCfg = Release|Any CPU
		{E7273C26-D3E3-4161-B464-69CD6FE606B1}.Ad-Hoc|iPhoneSimulator.Build.0 = Release|Any CPU
		{E7273C26-D3E3-4161-B464-69CD6FE606B1}.Ad-Hoc|Mixed Platforms.ActiveCfg = Release|x86
		{E7273C26-D3E3-4161-B464-69CD6FE606B1}.Ad-Hoc|Mixed Platforms.Build.0 = Release|x86
		{E7273C26-D3E3-4161-B464-69CD6FE606B1}.Ad-Hoc|x64.ActiveCfg = Release|x64
		{E7273C26-D3E3-4161-B464-69CD6FE606B1}.Ad-Hoc|x64.Build.0 = Release|x64
		{E7273C26-D3E3-4161-B464-69CD6FE606B1}.Ad-Hoc|x86.ActiveCfg = Release|x86
		{E7273C26-D3E3-4161-B464-69CD6FE606B1}.Ad-Hoc|x86.Build.0 = Release|x86
		{E7273C26-D3E3-4161-B464-69CD6FE606B1}.AppStore|Any CPU.ActiveCfg = Release|Any CPU
		{E7273C26-D3E3-4161-B464-69CD6FE606B1}.AppStore|Any CPU.Build.0 = Release|Any CPU
		{E7273C26-D3E3-4161-B464-69CD6FE606B1}.AppStore|ARM.ActiveCfg = Release|ARM
		{E7273C26-D3E3-4161-B464-69CD6FE606B1}.AppStore|ARM.Build.0 = Release|ARM
		{E7273C26-D3E3-4161-B464-69CD6FE606B1}.AppStore|iPhone.ActiveCfg = Release|Any CPU
		{E7273C26-D3E3-4161-B464-69CD6FE606B1}.AppStore|iPhone.Build.0 = Release|Any CPU
		{E7273C26-D3E3-4161-B464-69CD6FE606B1}.AppStore|iPhoneSimulator.ActiveCfg = Release|Any CPU
		{E7273C26-D3E3-4161-B464-69CD6FE606B1}.AppStore|iPhoneSimulator.Build.0 = Release|Any CPU
		{E7273C26-D3E3-4161-B464-69CD6FE606B1}.AppStore|Mixed Platforms.ActiveCfg = Release|x86
		{E7273C26-D3E3-4161-B464-69CD6FE606B1}.AppStore|Mixed Platforms.Build.0 = Release|x86
		{E7273C26-D3E3-4161-B464-69CD6FE606B1}.AppStore|x64.ActiveCfg = Release|x64
		{E7273C26-D3E3-4161-B464-69CD6FE606B1}.AppStore|x64.Build.0 = Release|x64
		{E7273C26-D3E3-4161-B464-69CD6FE606B1}.AppStore|x86.ActiveCfg = Release|x86
		{E7273C26-D3E3-4161-B464-69CD6FE606B1}.AppStore|x86.Build.0 = Release|x86
		{E7273C26-D3E3-4161-B464-69CD6FE606B1}.Debug|Any CPU.ActiveCfg = Debug|Any CPU
		{E7273C26-D3E3-4161-B464-69CD6FE606B1}.Debug|Any CPU.Build.0 = Debug|Any CPU
		{E7273C26-D3E3-4161-B464-69CD6FE606B1}.Debug|ARM.ActiveCfg = Debug|ARM
		{E7273C26-D3E3-4161-B464-69CD6FE606B1}.Debug|ARM.Build.0 = Debug|ARM
		{E7273C26-D3E3-4161-B464-69CD6FE606B1}.Debug|iPhone.ActiveCfg = Debug|Any CPU
		{E7273C26-D3E3-4161-B464-69CD6FE606B1}.Debug|iPhone.Build.0 = Debug|Any CPU
		{E7273C26-D3E3-4161-B464-69CD6FE606B1}.Debug|iPhoneSimulator.ActiveCfg = Debug|Any CPU
		{E7273C26-D3E3-4161-B464-69CD6FE606B1}.Debug|iPhoneSimulator.Build.0 = Debug|Any CPU
		{E7273C26-D3E3-4161-B464-69CD6FE606B1}.Debug|Mixed Platforms.ActiveCfg = Debug|x86
		{E7273C26-D3E3-4161-B464-69CD6FE606B1}.Debug|Mixed Platforms.Build.0 = Debug|x86
		{E7273C26-D3E3-4161-B464-69CD6FE606B1}.Debug|x64.ActiveCfg = Debug|x64
		{E7273C26-D3E3-4161-B464-69CD6FE606B1}.Debug|x64.Build.0 = Debug|x64
		{E7273C26-D3E3-4161-B464-69CD6FE606B1}.Debug|x86.ActiveCfg = Debug|x86
		{E7273C26-D3E3-4161-B464-69CD6FE606B1}.Debug|x86.Build.0 = Debug|x86
		{E7273C26-D3E3-4161-B464-69CD6FE606B1}.Release|Any CPU.ActiveCfg = Release|Any CPU
		{E7273C26-D3E3-4161-B464-69CD6FE606B1}.Release|Any CPU.Build.0 = Release|Any CPU
		{E7273C26-D3E3-4161-B464-69CD6FE606B1}.Release|ARM.ActiveCfg = Release|ARM
		{E7273C26-D3E3-4161-B464-69CD6FE606B1}.Release|ARM.Build.0 = Release|ARM
		{E7273C26-D3E3-4161-B464-69CD6FE606B1}.Release|iPhone.ActiveCfg = Release|Any CPU
		{E7273C26-D3E3-4161-B464-69CD6FE606B1}.Release|iPhone.Build.0 = Release|Any CPU
		{E7273C26-D3E3-4161-B464-69CD6FE606B1}.Release|iPhoneSimulator.ActiveCfg = Release|Any CPU
		{E7273C26-D3E3-4161-B464-69CD6FE606B1}.Release|iPhoneSimulator.Build.0 = Release|Any CPU
		{E7273C26-D3E3-4161-B464-69CD6FE606B1}.Release|Mixed Platforms.ActiveCfg = Release|x86
		{E7273C26-D3E3-4161-B464-69CD6FE606B1}.Release|Mixed Platforms.Build.0 = Release|x86
		{E7273C26-D3E3-4161-B464-69CD6FE606B1}.Release|x64.ActiveCfg = Release|x64
		{E7273C26-D3E3-4161-B464-69CD6FE606B1}.Release|x64.Build.0 = Release|x64
		{E7273C26-D3E3-4161-B464-69CD6FE606B1}.Release|x86.ActiveCfg = Release|x86
		{E7273C26-D3E3-4161-B464-69CD6FE606B1}.Release|x86.Build.0 = Release|x86
		{CCA8B1CA-C9C6-4441-BC45-B3A95EDB43FA}.Ad-Hoc|Any CPU.ActiveCfg = Release|x86
		{CCA8B1CA-C9C6-4441-BC45-B3A95EDB43FA}.Ad-Hoc|Any CPU.Build.0 = Release|x86
		{CCA8B1CA-C9C6-4441-BC45-B3A95EDB43FA}.Ad-Hoc|Any CPU.Deploy.0 = Release|x86
		{CCA8B1CA-C9C6-4441-BC45-B3A95EDB43FA}.Ad-Hoc|ARM.ActiveCfg = Release|ARM
		{CCA8B1CA-C9C6-4441-BC45-B3A95EDB43FA}.Ad-Hoc|ARM.Build.0 = Release|ARM
		{CCA8B1CA-C9C6-4441-BC45-B3A95EDB43FA}.Ad-Hoc|ARM.Deploy.0 = Release|ARM
		{CCA8B1CA-C9C6-4441-BC45-B3A95EDB43FA}.Ad-Hoc|iPhone.ActiveCfg = Release|x86
		{CCA8B1CA-C9C6-4441-BC45-B3A95EDB43FA}.Ad-Hoc|iPhone.Build.0 = Release|x86
		{CCA8B1CA-C9C6-4441-BC45-B3A95EDB43FA}.Ad-Hoc|iPhone.Deploy.0 = Release|x86
		{CCA8B1CA-C9C6-4441-BC45-B3A95EDB43FA}.Ad-Hoc|iPhoneSimulator.ActiveCfg = Release|x86
		{CCA8B1CA-C9C6-4441-BC45-B3A95EDB43FA}.Ad-Hoc|iPhoneSimulator.Build.0 = Release|x86
		{CCA8B1CA-C9C6-4441-BC45-B3A95EDB43FA}.Ad-Hoc|iPhoneSimulator.Deploy.0 = Release|x86
		{CCA8B1CA-C9C6-4441-BC45-B3A95EDB43FA}.Ad-Hoc|Mixed Platforms.ActiveCfg = Release|x86
		{CCA8B1CA-C9C6-4441-BC45-B3A95EDB43FA}.Ad-Hoc|Mixed Platforms.Build.0 = Release|x86
		{CCA8B1CA-C9C6-4441-BC45-B3A95EDB43FA}.Ad-Hoc|Mixed Platforms.Deploy.0 = Release|x86
		{CCA8B1CA-C9C6-4441-BC45-B3A95EDB43FA}.Ad-Hoc|x64.ActiveCfg = Release|x64
		{CCA8B1CA-C9C6-4441-BC45-B3A95EDB43FA}.Ad-Hoc|x64.Build.0 = Release|x64
		{CCA8B1CA-C9C6-4441-BC45-B3A95EDB43FA}.Ad-Hoc|x64.Deploy.0 = Release|x64
		{CCA8B1CA-C9C6-4441-BC45-B3A95EDB43FA}.Ad-Hoc|x86.ActiveCfg = Release|x86
		{CCA8B1CA-C9C6-4441-BC45-B3A95EDB43FA}.Ad-Hoc|x86.Build.0 = Release|x86
		{CCA8B1CA-C9C6-4441-BC45-B3A95EDB43FA}.Ad-Hoc|x86.Deploy.0 = Release|x86
		{CCA8B1CA-C9C6-4441-BC45-B3A95EDB43FA}.AppStore|Any CPU.ActiveCfg = Release|x86
		{CCA8B1CA-C9C6-4441-BC45-B3A95EDB43FA}.AppStore|Any CPU.Build.0 = Release|x86
		{CCA8B1CA-C9C6-4441-BC45-B3A95EDB43FA}.AppStore|Any CPU.Deploy.0 = Release|x86
		{CCA8B1CA-C9C6-4441-BC45-B3A95EDB43FA}.AppStore|ARM.ActiveCfg = Release|ARM
		{CCA8B1CA-C9C6-4441-BC45-B3A95EDB43FA}.AppStore|ARM.Build.0 = Release|ARM
		{CCA8B1CA-C9C6-4441-BC45-B3A95EDB43FA}.AppStore|ARM.Deploy.0 = Release|ARM
		{CCA8B1CA-C9C6-4441-BC45-B3A95EDB43FA}.AppStore|iPhone.ActiveCfg = Release|x86
		{CCA8B1CA-C9C6-4441-BC45-B3A95EDB43FA}.AppStore|iPhone.Build.0 = Release|x86
		{CCA8B1CA-C9C6-4441-BC45-B3A95EDB43FA}.AppStore|iPhone.Deploy.0 = Release|x86
		{CCA8B1CA-C9C6-4441-BC45-B3A95EDB43FA}.AppStore|iPhoneSimulator.ActiveCfg = Release|x86
		{CCA8B1CA-C9C6-4441-BC45-B3A95EDB43FA}.AppStore|iPhoneSimulator.Build.0 = Release|x86
		{CCA8B1CA-C9C6-4441-BC45-B3A95EDB43FA}.AppStore|iPhoneSimulator.Deploy.0 = Release|x86
		{CCA8B1CA-C9C6-4441-BC45-B3A95EDB43FA}.AppStore|Mixed Platforms.ActiveCfg = Release|x86
		{CCA8B1CA-C9C6-4441-BC45-B3A95EDB43FA}.AppStore|Mixed Platforms.Build.0 = Release|x86
		{CCA8B1CA-C9C6-4441-BC45-B3A95EDB43FA}.AppStore|Mixed Platforms.Deploy.0 = Release|x86
		{CCA8B1CA-C9C6-4441-BC45-B3A95EDB43FA}.AppStore|x64.ActiveCfg = Release|x64
		{CCA8B1CA-C9C6-4441-BC45-B3A95EDB43FA}.AppStore|x64.Build.0 = Release|x64
		{CCA8B1CA-C9C6-4441-BC45-B3A95EDB43FA}.AppStore|x64.Deploy.0 = Release|x64
		{CCA8B1CA-C9C6-4441-BC45-B3A95EDB43FA}.AppStore|x86.ActiveCfg = Release|x86
		{CCA8B1CA-C9C6-4441-BC45-B3A95EDB43FA}.AppStore|x86.Build.0 = Release|x86
		{CCA8B1CA-C9C6-4441-BC45-B3A95EDB43FA}.AppStore|x86.Deploy.0 = Release|x86
		{CCA8B1CA-C9C6-4441-BC45-B3A95EDB43FA}.Debug|Any CPU.ActiveCfg = Debug|x86
		{CCA8B1CA-C9C6-4441-BC45-B3A95EDB43FA}.Debug|Any CPU.Build.0 = Debug|x86
		{CCA8B1CA-C9C6-4441-BC45-B3A95EDB43FA}.Debug|Any CPU.Deploy.0 = Debug|x86
		{CCA8B1CA-C9C6-4441-BC45-B3A95EDB43FA}.Debug|ARM.ActiveCfg = Debug|ARM
		{CCA8B1CA-C9C6-4441-BC45-B3A95EDB43FA}.Debug|ARM.Build.0 = Debug|ARM
		{CCA8B1CA-C9C6-4441-BC45-B3A95EDB43FA}.Debug|ARM.Deploy.0 = Debug|ARM
		{CCA8B1CA-C9C6-4441-BC45-B3A95EDB43FA}.Debug|iPhone.ActiveCfg = Debug|x86
		{CCA8B1CA-C9C6-4441-BC45-B3A95EDB43FA}.Debug|iPhoneSimulator.ActiveCfg = Debug|x86
		{CCA8B1CA-C9C6-4441-BC45-B3A95EDB43FA}.Debug|iPhoneSimulator.Build.0 = Debug|x86
		{CCA8B1CA-C9C6-4441-BC45-B3A95EDB43FA}.Debug|Mixed Platforms.ActiveCfg = Debug|x86
		{CCA8B1CA-C9C6-4441-BC45-B3A95EDB43FA}.Debug|Mixed Platforms.Build.0 = Debug|x86
		{CCA8B1CA-C9C6-4441-BC45-B3A95EDB43FA}.Debug|Mixed Platforms.Deploy.0 = Debug|x86
		{CCA8B1CA-C9C6-4441-BC45-B3A95EDB43FA}.Debug|x64.ActiveCfg = Debug|x64
		{CCA8B1CA-C9C6-4441-BC45-B3A95EDB43FA}.Debug|x64.Build.0 = Debug|x64
		{CCA8B1CA-C9C6-4441-BC45-B3A95EDB43FA}.Debug|x64.Deploy.0 = Debug|x64
		{CCA8B1CA-C9C6-4441-BC45-B3A95EDB43FA}.Debug|x86.ActiveCfg = Debug|x86
		{CCA8B1CA-C9C6-4441-BC45-B3A95EDB43FA}.Debug|x86.Build.0 = Debug|x86
		{CCA8B1CA-C9C6-4441-BC45-B3A95EDB43FA}.Debug|x86.Deploy.0 = Debug|x86
		{CCA8B1CA-C9C6-4441-BC45-B3A95EDB43FA}.Release|Any CPU.ActiveCfg = Release|x86
		{CCA8B1CA-C9C6-4441-BC45-B3A95EDB43FA}.Release|ARM.ActiveCfg = Release|ARM
		{CCA8B1CA-C9C6-4441-BC45-B3A95EDB43FA}.Release|ARM.Build.0 = Release|ARM
		{CCA8B1CA-C9C6-4441-BC45-B3A95EDB43FA}.Release|ARM.Deploy.0 = Release|ARM
		{CCA8B1CA-C9C6-4441-BC45-B3A95EDB43FA}.Release|iPhone.ActiveCfg = Release|x86
		{CCA8B1CA-C9C6-4441-BC45-B3A95EDB43FA}.Release|iPhone.Build.0 = Release|x86
		{CCA8B1CA-C9C6-4441-BC45-B3A95EDB43FA}.Release|iPhoneSimulator.ActiveCfg = Release|x86
		{CCA8B1CA-C9C6-4441-BC45-B3A95EDB43FA}.Release|iPhoneSimulator.Build.0 = Release|x86
		{CCA8B1CA-C9C6-4441-BC45-B3A95EDB43FA}.Release|Mixed Platforms.ActiveCfg = Release|x86
		{CCA8B1CA-C9C6-4441-BC45-B3A95EDB43FA}.Release|Mixed Platforms.Build.0 = Release|x86
		{CCA8B1CA-C9C6-4441-BC45-B3A95EDB43FA}.Release|Mixed Platforms.Deploy.0 = Release|x86
		{CCA8B1CA-C9C6-4441-BC45-B3A95EDB43FA}.Release|x64.ActiveCfg = Release|x64
		{CCA8B1CA-C9C6-4441-BC45-B3A95EDB43FA}.Release|x64.Build.0 = Release|x64
		{CCA8B1CA-C9C6-4441-BC45-B3A95EDB43FA}.Release|x64.Deploy.0 = Release|x64
		{CCA8B1CA-C9C6-4441-BC45-B3A95EDB43FA}.Release|x86.ActiveCfg = Release|x86
		{CCA8B1CA-C9C6-4441-BC45-B3A95EDB43FA}.Release|x86.Build.0 = Release|x86
		{CCA8B1CA-C9C6-4441-BC45-B3A95EDB43FA}.Release|x86.Deploy.0 = Release|x86
		{8A0FC475-221D-4FE0-8308-3F703DC08F52}.Ad-Hoc|Any CPU.ActiveCfg = Release|Any CPU
		{8A0FC475-221D-4FE0-8308-3F703DC08F52}.Ad-Hoc|Any CPU.Build.0 = Release|Any CPU
		{8A0FC475-221D-4FE0-8308-3F703DC08F52}.Ad-Hoc|ARM.ActiveCfg = Release|Any CPU
		{8A0FC475-221D-4FE0-8308-3F703DC08F52}.Ad-Hoc|ARM.Build.0 = Release|Any CPU
		{8A0FC475-221D-4FE0-8308-3F703DC08F52}.Ad-Hoc|iPhone.ActiveCfg = Release|Any CPU
		{8A0FC475-221D-4FE0-8308-3F703DC08F52}.Ad-Hoc|iPhone.Build.0 = Release|Any CPU
		{8A0FC475-221D-4FE0-8308-3F703DC08F52}.Ad-Hoc|iPhoneSimulator.ActiveCfg = Release|Any CPU
		{8A0FC475-221D-4FE0-8308-3F703DC08F52}.Ad-Hoc|iPhoneSimulator.Build.0 = Release|Any CPU
		{8A0FC475-221D-4FE0-8308-3F703DC08F52}.Ad-Hoc|Mixed Platforms.ActiveCfg = Release|Any CPU
		{8A0FC475-221D-4FE0-8308-3F703DC08F52}.Ad-Hoc|Mixed Platforms.Build.0 = Release|Any CPU
		{8A0FC475-221D-4FE0-8308-3F703DC08F52}.Ad-Hoc|x64.ActiveCfg = Release|Any CPU
		{8A0FC475-221D-4FE0-8308-3F703DC08F52}.Ad-Hoc|x64.Build.0 = Release|Any CPU
		{8A0FC475-221D-4FE0-8308-3F703DC08F52}.Ad-Hoc|x86.ActiveCfg = Release|Any CPU
		{8A0FC475-221D-4FE0-8308-3F703DC08F52}.Ad-Hoc|x86.Build.0 = Release|Any CPU
		{8A0FC475-221D-4FE0-8308-3F703DC08F52}.AppStore|Any CPU.ActiveCfg = Release|Any CPU
		{8A0FC475-221D-4FE0-8308-3F703DC08F52}.AppStore|Any CPU.Build.0 = Release|Any CPU
		{8A0FC475-221D-4FE0-8308-3F703DC08F52}.AppStore|ARM.ActiveCfg = Release|Any CPU
		{8A0FC475-221D-4FE0-8308-3F703DC08F52}.AppStore|ARM.Build.0 = Release|Any CPU
		{8A0FC475-221D-4FE0-8308-3F703DC08F52}.AppStore|iPhone.ActiveCfg = Release|Any CPU
		{8A0FC475-221D-4FE0-8308-3F703DC08F52}.AppStore|iPhone.Build.0 = Release|Any CPU
		{8A0FC475-221D-4FE0-8308-3F703DC08F52}.AppStore|iPhoneSimulator.ActiveCfg = Release|Any CPU
		{8A0FC475-221D-4FE0-8308-3F703DC08F52}.AppStore|iPhoneSimulator.Build.0 = Release|Any CPU
		{8A0FC475-221D-4FE0-8308-3F703DC08F52}.AppStore|Mixed Platforms.ActiveCfg = Release|Any CPU
		{8A0FC475-221D-4FE0-8308-3F703DC08F52}.AppStore|Mixed Platforms.Build.0 = Release|Any CPU
		{8A0FC475-221D-4FE0-8308-3F703DC08F52}.AppStore|x64.ActiveCfg = Release|Any CPU
		{8A0FC475-221D-4FE0-8308-3F703DC08F52}.AppStore|x64.Build.0 = Release|Any CPU
		{8A0FC475-221D-4FE0-8308-3F703DC08F52}.AppStore|x86.ActiveCfg = Release|Any CPU
		{8A0FC475-221D-4FE0-8308-3F703DC08F52}.AppStore|x86.Build.0 = Release|Any CPU
		{8A0FC475-221D-4FE0-8308-3F703DC08F52}.Debug|Any CPU.ActiveCfg = Debug|Any CPU
		{8A0FC475-221D-4FE0-8308-3F703DC08F52}.Debug|Any CPU.Build.0 = Debug|Any CPU
		{8A0FC475-221D-4FE0-8308-3F703DC08F52}.Debug|ARM.ActiveCfg = Debug|Any CPU
		{8A0FC475-221D-4FE0-8308-3F703DC08F52}.Debug|ARM.Build.0 = Debug|Any CPU
		{8A0FC475-221D-4FE0-8308-3F703DC08F52}.Debug|iPhone.ActiveCfg = Debug|Any CPU
		{8A0FC475-221D-4FE0-8308-3F703DC08F52}.Debug|iPhone.Build.0 = Debug|Any CPU
		{8A0FC475-221D-4FE0-8308-3F703DC08F52}.Debug|iPhoneSimulator.ActiveCfg = Debug|Any CPU
		{8A0FC475-221D-4FE0-8308-3F703DC08F52}.Debug|iPhoneSimulator.Build.0 = Debug|Any CPU
		{8A0FC475-221D-4FE0-8308-3F703DC08F52}.Debug|Mixed Platforms.ActiveCfg = Debug|Any CPU
		{8A0FC475-221D-4FE0-8308-3F703DC08F52}.Debug|Mixed Platforms.Build.0 = Debug|Any CPU
		{8A0FC475-221D-4FE0-8308-3F703DC08F52}.Debug|x64.ActiveCfg = Debug|Any CPU
		{8A0FC475-221D-4FE0-8308-3F703DC08F52}.Debug|x64.Build.0 = Debug|Any CPU
		{8A0FC475-221D-4FE0-8308-3F703DC08F52}.Debug|x86.ActiveCfg = Debug|Any CPU
		{8A0FC475-221D-4FE0-8308-3F703DC08F52}.Debug|x86.Build.0 = Debug|Any CPU
		{8A0FC475-221D-4FE0-8308-3F703DC08F52}.Release|Any CPU.ActiveCfg = Release|Any CPU
		{8A0FC475-221D-4FE0-8308-3F703DC08F52}.Release|Any CPU.Build.0 = Release|Any CPU
		{8A0FC475-221D-4FE0-8308-3F703DC08F52}.Release|ARM.ActiveCfg = Release|Any CPU
		{8A0FC475-221D-4FE0-8308-3F703DC08F52}.Release|ARM.Build.0 = Release|Any CPU
		{8A0FC475-221D-4FE0-8308-3F703DC08F52}.Release|iPhone.ActiveCfg = Release|Any CPU
		{8A0FC475-221D-4FE0-8308-3F703DC08F52}.Release|iPhone.Build.0 = Release|Any CPU
		{8A0FC475-221D-4FE0-8308-3F703DC08F52}.Release|iPhoneSimulator.ActiveCfg = Release|Any CPU
		{8A0FC475-221D-4FE0-8308-3F703DC08F52}.Release|iPhoneSimulator.Build.0 = Release|Any CPU
		{8A0FC475-221D-4FE0-8308-3F703DC08F52}.Release|Mixed Platforms.ActiveCfg = Release|Any CPU
		{8A0FC475-221D-4FE0-8308-3F703DC08F52}.Release|Mixed Platforms.Build.0 = Release|Any CPU
		{8A0FC475-221D-4FE0-8308-3F703DC08F52}.Release|x64.ActiveCfg = Release|Any CPU
		{8A0FC475-221D-4FE0-8308-3F703DC08F52}.Release|x64.Build.0 = Release|Any CPU
		{8A0FC475-221D-4FE0-8308-3F703DC08F52}.Release|x86.ActiveCfg = Release|Any CPU
		{8A0FC475-221D-4FE0-8308-3F703DC08F52}.Release|x86.Build.0 = Release|Any CPU
		{6DF84C8C-CBA6-4BC1-9FB8-1600B189705A}.Ad-Hoc|Any CPU.ActiveCfg = Release|Any CPU
		{6DF84C8C-CBA6-4BC1-9FB8-1600B189705A}.Ad-Hoc|Any CPU.Build.0 = Release|Any CPU
		{6DF84C8C-CBA6-4BC1-9FB8-1600B189705A}.Ad-Hoc|ARM.ActiveCfg = Release|Any CPU
		{6DF84C8C-CBA6-4BC1-9FB8-1600B189705A}.Ad-Hoc|ARM.Build.0 = Release|Any CPU
		{6DF84C8C-CBA6-4BC1-9FB8-1600B189705A}.Ad-Hoc|iPhone.ActiveCfg = Release|Any CPU
		{6DF84C8C-CBA6-4BC1-9FB8-1600B189705A}.Ad-Hoc|iPhone.Build.0 = Release|Any CPU
		{6DF84C8C-CBA6-4BC1-9FB8-1600B189705A}.Ad-Hoc|iPhoneSimulator.ActiveCfg = Release|Any CPU
		{6DF84C8C-CBA6-4BC1-9FB8-1600B189705A}.Ad-Hoc|iPhoneSimulator.Build.0 = Release|Any CPU
		{6DF84C8C-CBA6-4BC1-9FB8-1600B189705A}.Ad-Hoc|Mixed Platforms.ActiveCfg = Release|Any CPU
		{6DF84C8C-CBA6-4BC1-9FB8-1600B189705A}.Ad-Hoc|Mixed Platforms.Build.0 = Release|Any CPU
		{6DF84C8C-CBA6-4BC1-9FB8-1600B189705A}.Ad-Hoc|x64.ActiveCfg = Release|Any CPU
		{6DF84C8C-CBA6-4BC1-9FB8-1600B189705A}.Ad-Hoc|x64.Build.0 = Release|Any CPU
		{6DF84C8C-CBA6-4BC1-9FB8-1600B189705A}.Ad-Hoc|x86.ActiveCfg = Release|Any CPU
		{6DF84C8C-CBA6-4BC1-9FB8-1600B189705A}.Ad-Hoc|x86.Build.0 = Release|Any CPU
		{6DF84C8C-CBA6-4BC1-9FB8-1600B189705A}.AppStore|Any CPU.ActiveCfg = Release|Any CPU
		{6DF84C8C-CBA6-4BC1-9FB8-1600B189705A}.AppStore|Any CPU.Build.0 = Release|Any CPU
		{6DF84C8C-CBA6-4BC1-9FB8-1600B189705A}.AppStore|ARM.ActiveCfg = Release|Any CPU
		{6DF84C8C-CBA6-4BC1-9FB8-1600B189705A}.AppStore|ARM.Build.0 = Release|Any CPU
		{6DF84C8C-CBA6-4BC1-9FB8-1600B189705A}.AppStore|iPhone.ActiveCfg = Release|Any CPU
		{6DF84C8C-CBA6-4BC1-9FB8-1600B189705A}.AppStore|iPhone.Build.0 = Release|Any CPU
		{6DF84C8C-CBA6-4BC1-9FB8-1600B189705A}.AppStore|iPhoneSimulator.ActiveCfg = Release|Any CPU
		{6DF84C8C-CBA6-4BC1-9FB8-1600B189705A}.AppStore|iPhoneSimulator.Build.0 = Release|Any CPU
		{6DF84C8C-CBA6-4BC1-9FB8-1600B189705A}.AppStore|Mixed Platforms.ActiveCfg = Release|Any CPU
		{6DF84C8C-CBA6-4BC1-9FB8-1600B189705A}.AppStore|Mixed Platforms.Build.0 = Release|Any CPU
		{6DF84C8C-CBA6-4BC1-9FB8-1600B189705A}.AppStore|x64.ActiveCfg = Release|Any CPU
		{6DF84C8C-CBA6-4BC1-9FB8-1600B189705A}.AppStore|x64.Build.0 = Release|Any CPU
		{6DF84C8C-CBA6-4BC1-9FB8-1600B189705A}.AppStore|x86.ActiveCfg = Release|Any CPU
		{6DF84C8C-CBA6-4BC1-9FB8-1600B189705A}.AppStore|x86.Build.0 = Release|Any CPU
		{6DF84C8C-CBA6-4BC1-9FB8-1600B189705A}.Debug|Any CPU.ActiveCfg = Debug|Any CPU
		{6DF84C8C-CBA6-4BC1-9FB8-1600B189705A}.Debug|Any CPU.Build.0 = Debug|Any CPU
		{6DF84C8C-CBA6-4BC1-9FB8-1600B189705A}.Debug|ARM.ActiveCfg = Debug|Any CPU
		{6DF84C8C-CBA6-4BC1-9FB8-1600B189705A}.Debug|ARM.Build.0 = Debug|Any CPU
		{6DF84C8C-CBA6-4BC1-9FB8-1600B189705A}.Debug|iPhone.ActiveCfg = Debug|Any CPU
		{6DF84C8C-CBA6-4BC1-9FB8-1600B189705A}.Debug|iPhone.Build.0 = Debug|Any CPU
		{6DF84C8C-CBA6-4BC1-9FB8-1600B189705A}.Debug|iPhoneSimulator.ActiveCfg = Debug|Any CPU
		{6DF84C8C-CBA6-4BC1-9FB8-1600B189705A}.Debug|iPhoneSimulator.Build.0 = Debug|Any CPU
		{6DF84C8C-CBA6-4BC1-9FB8-1600B189705A}.Debug|Mixed Platforms.ActiveCfg = Debug|Any CPU
		{6DF84C8C-CBA6-4BC1-9FB8-1600B189705A}.Debug|Mixed Platforms.Build.0 = Debug|Any CPU
		{6DF84C8C-CBA6-4BC1-9FB8-1600B189705A}.Debug|x64.ActiveCfg = Debug|Any CPU
		{6DF84C8C-CBA6-4BC1-9FB8-1600B189705A}.Debug|x64.Build.0 = Debug|Any CPU
		{6DF84C8C-CBA6-4BC1-9FB8-1600B189705A}.Debug|x86.ActiveCfg = Debug|Any CPU
		{6DF84C8C-CBA6-4BC1-9FB8-1600B189705A}.Debug|x86.Build.0 = Debug|Any CPU
		{6DF84C8C-CBA6-4BC1-9FB8-1600B189705A}.Release|Any CPU.ActiveCfg = Release|Any CPU
		{6DF84C8C-CBA6-4BC1-9FB8-1600B189705A}.Release|Any CPU.Build.0 = Release|Any CPU
		{6DF84C8C-CBA6-4BC1-9FB8-1600B189705A}.Release|ARM.ActiveCfg = Release|Any CPU
		{6DF84C8C-CBA6-4BC1-9FB8-1600B189705A}.Release|ARM.Build.0 = Release|Any CPU
		{6DF84C8C-CBA6-4BC1-9FB8-1600B189705A}.Release|iPhone.ActiveCfg = Release|Any CPU
		{6DF84C8C-CBA6-4BC1-9FB8-1600B189705A}.Release|iPhone.Build.0 = Release|Any CPU
		{6DF84C8C-CBA6-4BC1-9FB8-1600B189705A}.Release|iPhoneSimulator.ActiveCfg = Release|Any CPU
		{6DF84C8C-CBA6-4BC1-9FB8-1600B189705A}.Release|iPhoneSimulator.Build.0 = Release|Any CPU
		{6DF84C8C-CBA6-4BC1-9FB8-1600B189705A}.Release|Mixed Platforms.ActiveCfg = Release|Any CPU
		{6DF84C8C-CBA6-4BC1-9FB8-1600B189705A}.Release|Mixed Platforms.Build.0 = Release|Any CPU
		{6DF84C8C-CBA6-4BC1-9FB8-1600B189705A}.Release|x64.ActiveCfg = Release|Any CPU
		{6DF84C8C-CBA6-4BC1-9FB8-1600B189705A}.Release|x64.Build.0 = Release|Any CPU
		{6DF84C8C-CBA6-4BC1-9FB8-1600B189705A}.Release|x86.ActiveCfg = Release|Any CPU
		{6DF84C8C-CBA6-4BC1-9FB8-1600B189705A}.Release|x86.Build.0 = Release|Any CPU
	EndGlobalSection
	GlobalSection(SolutionProperties) = preSolution
		HideSolutionNode = FALSE
	EndGlobalSection
	GlobalSection(NestedProjects) = preSolution
		{46B432F2-8BD9-4347-91C3-C8B08938BE48} = {3CD90FF5-6727-451C-8C90-6D9C752F89D2}
		{AD34AA53-F275-4F18-A51C-9809C4E1F3BC} = {3CD90FF5-6727-451C-8C90-6D9C752F89D2}
		{DFA982A2-F6F7-4FFD-9F86-A1AF11F7C4A1} = {3CD90FF5-6727-451C-8C90-6D9C752F89D2}
		{4A67E27E-0E7F-4EF2-B3E6-2C24E18EF442} = {3CD90FF5-6727-451C-8C90-6D9C752F89D2}
		{74CEE6C1-4CE8-4279-82AF-D5A5DDD76D18} = {48F9B619-4D7C-482C-9C09-56BD8D78D0FF}
		{E65BABF2-F96E-4256-A169-4ECB8136FBB3} = {48F9B619-4D7C-482C-9C09-56BD8D78D0FF}
		{1AA0F8D6-3F27-4461-B5FD-1C8F1000FCE3} = {48F9B619-4D7C-482C-9C09-56BD8D78D0FF}
		{6A0AE941-711D-4C36-A311-960B65534B22} = {3CD90FF5-6727-451C-8C90-6D9C752F89D2}
		{E7273C26-D3E3-4161-B464-69CD6FE606B1} = {3CD90FF5-6727-451C-8C90-6D9C752F89D2}
		{CCA8B1CA-C9C6-4441-BC45-B3A95EDB43FA} = {48F9B619-4D7C-482C-9C09-56BD8D78D0FF}
		{8A0FC475-221D-4FE0-8308-3F703DC08F52} = {3CD90FF5-6727-451C-8C90-6D9C752F89D2}
		{6DF84C8C-CBA6-4BC1-9FB8-1600B189705A} = {48F9B619-4D7C-482C-9C09-56BD8D78D0FF}
	EndGlobalSection
EndGlobal
