
Microsoft Visual Studio Solution File, Format Version 12.00
# Visual Studio Version 16
VisualStudioVersion = 16.0.29009.5
MinimumVisualStudioVersion = 10.0.40219.1
Project("{9A19103F-16F7-4668-BE54-9A1E7A4F7556}") = "Acr.UserDialogs", "Acr.UserDialogs\Acr.UserDialogs.csproj", "{AD34AA53-F275-4F18-A51C-9809C4E1F3BC}"
EndProject
Project("{2150E333-8FDC-42A3-9474-1A3956D46DE8}") = "Solution Items", "Solution Items", "{6BC05413-873B-460E-BDA0-82BD63FC13DC}"
	ProjectSection(SolutionItems) = preProject
		changelog.md = changelog.md
		..\icon.png = ..\icon.png
		..\readme.md = ..\readme.md
	EndProjectSection
EndProject
Project("{9A19103F-16F7-4668-BE54-9A1E7A4F7556}") = "Samples", "Samples\Samples\Samples.csproj", "{74CEE6C1-4CE8-4279-82AF-D5A5DDD76D18}"
EndProject
Project("{FAE04EC0-301F-11D3-BF4B-00C04F79EFBC}") = "Samples.iOS", "Samples\Samples.iOS\Samples.iOS.csproj", "{E65BABF2-F96E-4256-A169-4ECB8136FBB3}"
EndProject
Project("{FAE04EC0-301F-11D3-BF4B-00C04F79EFBC}") = "Samples.Droid", "Samples\Samples.Droid\Samples.Droid.csproj", "{1AA0F8D6-3F27-4461-B5FD-1C8F1000FCE3}"
EndProject
Project("{FAE04EC0-301F-11D3-BF4B-00C04F79EFBC}") = "Samples.Uwp", "Samples\Samples.Uwp\Samples.Uwp.csproj", "{CCA8B1CA-C9C6-4441-BC45-B3A95EDB43FA}"
EndProject
Project("{FAE04EC0-301F-11D3-BF4B-00C04F79EFBC}") = "Samples.macOS", "Samples\Samples.macOS\Samples.macOS.csproj", "{AEA8EE60-DEBE-4632-A554-16CCD013CD6A}"
EndProject
Global
	GlobalSection(SolutionConfigurationPlatforms) = preSolution
		Ad-Hoc|Any CPU = Ad-Hoc|Any CPU
		Ad-Hoc|ARM = Ad-Hoc|ARM
		Ad-Hoc|iPhone = Ad-Hoc|iPhone
		Ad-Hoc|iPhoneSimulator = Ad-Hoc|iPhoneSimulator
		Ad-Hoc|Mixed Platforms = Ad-Hoc|Mixed Platforms
		Ad-Hoc|x64 = Ad-Hoc|x64
		Ad-Hoc|x86 = Ad-Hoc|x86
		AppStore|Any CPU = AppStore|Any CPU
		AppStore|ARM = AppStore|ARM
		AppStore|iPhone = AppStore|iPhone
		AppStore|iPhoneSimulator = AppStore|iPhoneSimulator
		AppStore|Mixed Platforms = AppStore|Mixed Platforms
		AppStore|x64 = AppStore|x64
		AppStore|x86 = AppStore|x86
		Debug|Any CPU = Debug|Any CPU
		Debug|ARM = Debug|ARM
		Debug|iPhone = Debug|iPhone
		Debug|iPhoneSimulator = Debug|iPhoneSimulator
		Debug|Mixed Platforms = Debug|Mixed Platforms
		Debug|x64 = Debug|x64
		Debug|x86 = Debug|x86
		Release|Any CPU = Release|Any CPU
		Release|ARM = Release|ARM
		Release|iPhone = Release|iPhone
		Release|iPhoneSimulator = Release|iPhoneSimulator
		Release|Mixed Platforms = Release|Mixed Platforms
		Release|x64 = Release|x64
		Release|x86 = Release|x86
	EndGlobalSection
	GlobalSection(ProjectConfigurationPlatforms) = postSolution
		{AD34AA53-F275-4F18-A51C-9809C4E1F3BC}.Ad-Hoc|Any CPU.ActiveCfg = Release|Any CPU
		{AD34AA53-F275-4F18-A51C-9809C4E1F3BC}.Ad-Hoc|ARM.ActiveCfg = Release|Any CPU
		{AD34AA53-F275-4F18-A51C-9809C4E1F3BC}.Ad-Hoc|iPhone.ActiveCfg = Debug|Any CPU
		{AD34AA53-F275-4F18-A51C-9809C4E1F3BC}.Ad-Hoc|iPhone.Build.0 = Debug|Any CPU
		{AD34AA53-F275-4F18-A51C-9809C4E1F3BC}.Ad-Hoc|iPhoneSimulator.ActiveCfg = Release|Any CPU
		{AD34AA53-F275-4F18-A51C-9809C4E1F3BC}.Ad-Hoc|Mixed Platforms.ActiveCfg = Release|Any CPU
		{AD34AA53-F275-4F18-A51C-9809C4E1F3BC}.Ad-Hoc|Mixed Platforms.Build.0 = Release|Any CPU
		{AD34AA53-F275-4F18-A51C-9809C4E1F3BC}.Ad-Hoc|x64.ActiveCfg = Release|Any CPU
		{AD34AA53-F275-4F18-A51C-9809C4E1F3BC}.Ad-Hoc|x86.ActiveCfg = Release|Any CPU
		{AD34AA53-F275-4F18-A51C-9809C4E1F3BC}.AppStore|Any CPU.ActiveCfg = Release|Any CPU
		{AD34AA53-F275-4F18-A51C-9809C4E1F3BC}.AppStore|ARM.ActiveCfg = Release|Any CPU
		{AD34AA53-F275-4F18-A51C-9809C4E1F3BC}.AppStore|iPhone.ActiveCfg = Debug|Any CPU
		{AD34AA53-F275-4F18-A51C-9809C4E1F3BC}.AppStore|iPhone.Build.0 = Debug|Any CPU
		{AD34AA53-F275-4F18-A51C-9809C4E1F3BC}.AppStore|iPhoneSimulator.ActiveCfg = Release|Any CPU
		{AD34AA53-F275-4F18-A51C-9809C4E1F3BC}.AppStore|Mixed Platforms.ActiveCfg = Release|Any CPU
		{AD34AA53-F275-4F18-A51C-9809C4E1F3BC}.AppStore|Mixed Platforms.Build.0 = Release|Any CPU
		{AD34AA53-F275-4F18-A51C-9809C4E1F3BC}.AppStore|x64.ActiveCfg = Release|Any CPU
		{AD34AA53-F275-4F18-A51C-9809C4E1F3BC}.AppStore|x86.ActiveCfg = Release|Any CPU
		{AD34AA53-F275-4F18-A51C-9809C4E1F3BC}.Debug|Any CPU.ActiveCfg = Debug|Any CPU
		{AD34AA53-F275-4F18-A51C-9809C4E1F3BC}.Debug|Any CPU.Build.0 = Debug|Any CPU
		{AD34AA53-F275-4F18-A51C-9809C4E1F3BC}.Debug|ARM.ActiveCfg = Debug|Any CPU
		{AD34AA53-F275-4F18-A51C-9809C4E1F3BC}.Debug|ARM.Build.0 = Debug|Any CPU
		{AD34AA53-F275-4F18-A51C-9809C4E1F3BC}.Debug|iPhone.ActiveCfg = Debug|Any CPU
		{AD34AA53-F275-4F18-A51C-9809C4E1F3BC}.Debug|iPhone.Build.0 = Debug|Any CPU
		{AD34AA53-F275-4F18-A51C-9809C4E1F3BC}.Debug|iPhoneSimulator.ActiveCfg = Debug|Any CPU
		{AD34AA53-F275-4F18-A51C-9809C4E1F3BC}.Debug|iPhoneSimulator.Build.0 = Debug|Any CPU
		{AD34AA53-F275-4F18-A51C-9809C4E1F3BC}.Debug|Mixed Platforms.ActiveCfg = Debug|Any CPU
		{AD34AA53-F275-4F18-A51C-9809C4E1F3BC}.Debug|Mixed Platforms.Build.0 = Debug|Any CPU
		{AD34AA53-F275-4F18-A51C-9809C4E1F3BC}.Debug|x64.ActiveCfg = Debug|Any CPU
		{AD34AA53-F275-4F18-A51C-9809C4E1F3BC}.Debug|x86.ActiveCfg = Debug|Any CPU
		{AD34AA53-F275-4F18-A51C-9809C4E1F3BC}.Release|Any CPU.ActiveCfg = Release|Any CPU
		{AD34AA53-F275-4F18-A51C-9809C4E1F3BC}.Release|Any CPU.Build.0 = Release|Any CPU
		{AD34AA53-F275-4F18-A51C-9809C4E1F3BC}.Release|ARM.ActiveCfg = Release|Any CPU
		{AD34AA53-F275-4F18-A51C-9809C4E1F3BC}.Release|iPhone.ActiveCfg = Release|Any CPU
		{AD34AA53-F275-4F18-A51C-9809C4E1F3BC}.Release|iPhone.Build.0 = Release|Any CPU
		{AD34AA53-F275-4F18-A51C-9809C4E1F3BC}.Release|iPhoneSimulator.ActiveCfg = Release|Any CPU
		{AD34AA53-F275-4F18-A51C-9809C4E1F3BC}.Release|iPhoneSimulator.Build.0 = Release|Any CPU
		{AD34AA53-F275-4F18-A51C-9809C4E1F3BC}.Release|Mixed Platforms.ActiveCfg = Release|Any CPU
		{AD34AA53-F275-4F18-A51C-9809C4E1F3BC}.Release|Mixed Platforms.Build.0 = Release|Any CPU
		{AD34AA53-F275-4F18-A51C-9809C4E1F3BC}.Release|x64.ActiveCfg = Release|Any CPU
		{AD34AA53-F275-4F18-A51C-9809C4E1F3BC}.Release|x86.ActiveCfg = Release|Any CPU
		{74CEE6C1-4CE8-4279-82AF-D5A5DDD76D18}.Ad-Hoc|Any CPU.ActiveCfg = Release|Any CPU
		{74CEE6C1-4CE8-4279-82AF-D5A5DDD76D18}.Ad-Hoc|Any CPU.Build.0 = Release|Any CPU
		{74CEE6C1-4CE8-4279-82AF-D5A5DDD76D18}.Ad-Hoc|ARM.ActiveCfg = Release|Any CPU
		{74CEE6C1-4CE8-4279-82AF-D5A5DDD76D18}.Ad-Hoc|iPhone.ActiveCfg = Release|Any CPU
		{74CEE6C1-4CE8-4279-82AF-D5A5DDD76D18}.Ad-Hoc|iPhoneSimulator.ActiveCfg = Release|Any CPU
		{74CEE6C1-4CE8-4279-82AF-D5A5DDD76D18}.Ad-Hoc|Mixed Platforms.ActiveCfg = Release|Any CPU
		{74CEE6C1-4CE8-4279-82AF-D5A5DDD76D18}.Ad-Hoc|Mixed Platforms.Build.0 = Release|Any CPU
		{74CEE6C1-4CE8-4279-82AF-D5A5DDD76D18}.Ad-Hoc|x64.ActiveCfg = Release|Any CPU
		{74CEE6C1-4CE8-4279-82AF-D5A5DDD76D18}.Ad-Hoc|x86.ActiveCfg = Release|Any CPU
		{74CEE6C1-4CE8-4279-82AF-D5A5DDD76D18}.AppStore|Any CPU.ActiveCfg = Release|Any CPU
		{74CEE6C1-4CE8-4279-82AF-D5A5DDD76D18}.AppStore|Any CPU.Build.0 = Release|Any CPU
		{74CEE6C1-4CE8-4279-82AF-D5A5DDD76D18}.AppStore|ARM.ActiveCfg = Release|Any CPU
		{74CEE6C1-4CE8-4279-82AF-D5A5DDD76D18}.AppStore|iPhone.ActiveCfg = Release|Any CPU
		{74CEE6C1-4CE8-4279-82AF-D5A5DDD76D18}.AppStore|iPhoneSimulator.ActiveCfg = Release|Any CPU
		{74CEE6C1-4CE8-4279-82AF-D5A5DDD76D18}.AppStore|Mixed Platforms.ActiveCfg = Release|Any CPU
		{74CEE6C1-4CE8-4279-82AF-D5A5DDD76D18}.AppStore|Mixed Platforms.Build.0 = Release|Any CPU
		{74CEE6C1-4CE8-4279-82AF-D5A5DDD76D18}.AppStore|x64.ActiveCfg = Release|Any CPU
		{74CEE6C1-4CE8-4279-82AF-D5A5DDD76D18}.AppStore|x86.ActiveCfg = Release|Any CPU
		{74CEE6C1-4CE8-4279-82AF-D5A5DDD76D18}.Debug|Any CPU.ActiveCfg = Debug|Any CPU
		{74CEE6C1-4CE8-4279-82AF-D5A5DDD76D18}.Debug|Any CPU.Build.0 = Debug|Any CPU
		{74CEE6C1-4CE8-4279-82AF-D5A5DDD76D18}.Debug|ARM.ActiveCfg = Debug|Any CPU
		{74CEE6C1-4CE8-4279-82AF-D5A5DDD76D18}.Debug|ARM.Build.0 = Debug|Any CPU
		{74CEE6C1-4CE8-4279-82AF-D5A5DDD76D18}.Debug|iPhone.ActiveCfg = Debug|Any CPU
		{74CEE6C1-4CE8-4279-82AF-D5A5DDD76D18}.Debug|iPhone.Build.0 = Debug|Any CPU
		{74CEE6C1-4CE8-4279-82AF-D5A5DDD76D18}.Debug|iPhoneSimulator.ActiveCfg = Debug|Any CPU
		{74CEE6C1-4CE8-4279-82AF-D5A5DDD76D18}.Debug|iPhoneSimulator.Build.0 = Debug|Any CPU
		{74CEE6C1-4CE8-4279-82AF-D5A5DDD76D18}.Debug|Mixed Platforms.ActiveCfg = Debug|Any CPU
		{74CEE6C1-4CE8-4279-82AF-D5A5DDD76D18}.Debug|Mixed Platforms.Build.0 = Debug|Any CPU
		{74CEE6C1-4CE8-4279-82AF-D5A5DDD76D18}.Debug|x64.ActiveCfg = Debug|Any CPU
		{74CEE6C1-4CE8-4279-82AF-D5A5DDD76D18}.Debug|x86.ActiveCfg = Debug|Any CPU
		{74CEE6C1-4CE8-4279-82AF-D5A5DDD76D18}.Release|Any CPU.ActiveCfg = Release|Any CPU
		{74CEE6C1-4CE8-4279-82AF-D5A5DDD76D18}.Release|ARM.ActiveCfg = Release|Any CPU
		{74CEE6C1-4CE8-4279-82AF-D5A5DDD76D18}.Release|iPhone.ActiveCfg = Release|Any CPU
		{74CEE6C1-4CE8-4279-82AF-D5A5DDD76D18}.Release|iPhone.Build.0 = Release|Any CPU
		{74CEE6C1-4CE8-4279-82AF-D5A5DDD76D18}.Release|iPhoneSimulator.ActiveCfg = Release|Any CPU
		{74CEE6C1-4CE8-4279-82AF-D5A5DDD76D18}.Release|iPhoneSimulator.Build.0 = Release|Any CPU
		{74CEE6C1-4CE8-4279-82AF-D5A5DDD76D18}.Release|Mixed Platforms.ActiveCfg = Release|Any CPU
		{74CEE6C1-4CE8-4279-82AF-D5A5DDD76D18}.Release|Mixed Platforms.Build.0 = Release|Any CPU
		{74CEE6C1-4CE8-4279-82AF-D5A5DDD76D18}.Release|x64.ActiveCfg = Release|Any CPU
		{74CEE6C1-4CE8-4279-82AF-D5A5DDD76D18}.Release|x86.ActiveCfg = Release|Any CPU
		{E65BABF2-F96E-4256-A169-4ECB8136FBB3}.Ad-Hoc|Any CPU.ActiveCfg = Ad-Hoc|iPhone
		{E65BABF2-F96E-4256-A169-4ECB8136FBB3}.Ad-Hoc|ARM.ActiveCfg = Ad-Hoc|iPhone
		{E65BABF2-F96E-4256-A169-4ECB8136FBB3}.Ad-Hoc|iPhone.ActiveCfg = Ad-Hoc|iPhone
		{E65BABF2-F96E-4256-A169-4ECB8136FBB3}.Ad-Hoc|iPhone.Build.0 = Ad-Hoc|iPhone
		{E65BABF2-F96E-4256-A169-4ECB8136FBB3}.Ad-Hoc|iPhoneSimulator.ActiveCfg = Ad-Hoc|iPhoneSimulator
		{E65BABF2-F96E-4256-A169-4ECB8136FBB3}.Ad-Hoc|iPhoneSimulator.Build.0 = Ad-Hoc|iPhoneSimulator
		{E65BABF2-F96E-4256-A169-4ECB8136FBB3}.Ad-Hoc|Mixed Platforms.ActiveCfg = Ad-Hoc|iPhone
		{E65BABF2-F96E-4256-A169-4ECB8136FBB3}.Ad-Hoc|Mixed Platforms.Build.0 = Ad-Hoc|iPhone
		{E65BABF2-F96E-4256-A169-4ECB8136FBB3}.Ad-Hoc|x64.ActiveCfg = Ad-Hoc|iPhone
		{E65BABF2-F96E-4256-A169-4ECB8136FBB3}.Ad-Hoc|x86.ActiveCfg = Ad-Hoc|iPhone
		{E65BABF2-F96E-4256-A169-4ECB8136FBB3}.AppStore|Any CPU.ActiveCfg = AppStore|iPhone
		{E65BABF2-F96E-4256-A169-4ECB8136FBB3}.AppStore|ARM.ActiveCfg = AppStore|iPhone
		{E65BABF2-F96E-4256-A169-4ECB8136FBB3}.AppStore|iPhone.ActiveCfg = AppStore|iPhone
		{E65BABF2-F96E-4256-A169-4ECB8136FBB3}.AppStore|iPhone.Build.0 = AppStore|iPhone
		{E65BABF2-F96E-4256-A169-4ECB8136FBB3}.AppStore|iPhoneSimulator.ActiveCfg = AppStore|iPhoneSimulator
		{E65BABF2-F96E-4256-A169-4ECB8136FBB3}.AppStore|iPhoneSimulator.Build.0 = AppStore|iPhoneSimulator
		{E65BABF2-F96E-4256-A169-4ECB8136FBB3}.AppStore|Mixed Platforms.ActiveCfg = AppStore|iPhone
		{E65BABF2-F96E-4256-A169-4ECB8136FBB3}.AppStore|Mixed Platforms.Build.0 = AppStore|iPhone
		{E65BABF2-F96E-4256-A169-4ECB8136FBB3}.AppStore|x64.ActiveCfg = AppStore|iPhone
		{E65BABF2-F96E-4256-A169-4ECB8136FBB3}.AppStore|x86.ActiveCfg = AppStore|iPhone
		{E65BABF2-F96E-4256-A169-4ECB8136FBB3}.Debug|Any CPU.ActiveCfg = Debug|iPhone
		{E65BABF2-F96E-4256-A169-4ECB8136FBB3}.Debug|Any CPU.Build.0 = Debug|iPhone
		{E65BABF2-F96E-4256-A169-4ECB8136FBB3}.Debug|ARM.ActiveCfg = Debug|iPhone
		{E65BABF2-F96E-4256-A169-4ECB8136FBB3}.Debug|ARM.Build.0 = Debug|iPhone
		{E65BABF2-F96E-4256-A169-4ECB8136FBB3}.Debug|iPhone.ActiveCfg = Debug|iPhone
		{E65BABF2-F96E-4256-A169-4ECB8136FBB3}.Debug|iPhone.Build.0 = Debug|iPhone
		{E65BABF2-F96E-4256-A169-4ECB8136FBB3}.Debug|iPhoneSimulator.ActiveCfg = Debug|iPhoneSimulator
		{E65BABF2-F96E-4256-A169-4ECB8136FBB3}.Debug|iPhoneSimulator.Build.0 = Debug|iPhoneSimulator
		{E65BABF2-F96E-4256-A169-4ECB8136FBB3}.Debug|Mixed Platforms.ActiveCfg = Debug|iPhone
		{E65BABF2-F96E-4256-A169-4ECB8136FBB3}.Debug|Mixed Platforms.Build.0 = Debug|iPhone
		{E65BABF2-F96E-4256-A169-4ECB8136FBB3}.Debug|x64.ActiveCfg = Debug|iPhone
		{E65BABF2-F96E-4256-A169-4ECB8136FBB3}.Debug|x86.ActiveCfg = Debug|iPhone
		{E65BABF2-F96E-4256-A169-4ECB8136FBB3}.Release|Any CPU.ActiveCfg = Release|iPhone
		{E65BABF2-F96E-4256-A169-4ECB8136FBB3}.Release|ARM.ActiveCfg = Release|iPhone
		{E65BABF2-F96E-4256-A169-4ECB8136FBB3}.Release|iPhone.ActiveCfg = Release|iPhone
		{E65BABF2-F96E-4256-A169-4ECB8136FBB3}.Release|iPhone.Build.0 = Release|iPhone
		{E65BABF2-F96E-4256-A169-4ECB8136FBB3}.Release|iPhoneSimulator.ActiveCfg = Release|iPhoneSimulator
		{E65BABF2-F96E-4256-A169-4ECB8136FBB3}.Release|iPhoneSimulator.Build.0 = Release|iPhoneSimulator
		{E65BABF2-F96E-4256-A169-4ECB8136FBB3}.Release|Mixed Platforms.ActiveCfg = Release|iPhone
		{E65BABF2-F96E-4256-A169-4ECB8136FBB3}.Release|Mixed Platforms.Build.0 = Release|iPhone
		{E65BABF2-F96E-4256-A169-4ECB8136FBB3}.Release|x64.ActiveCfg = Release|iPhone
		{E65BABF2-F96E-4256-A169-4ECB8136FBB3}.Release|x86.ActiveCfg = Release|iPhone
		{1AA0F8D6-3F27-4461-B5FD-1C8F1000FCE3}.Ad-Hoc|Any CPU.ActiveCfg = Release|Any CPU
		{1AA0F8D6-3F27-4461-B5FD-1C8F1000FCE3}.Ad-Hoc|Any CPU.Build.0 = Release|Any CPU
		{1AA0F8D6-3F27-4461-B5FD-1C8F1000FCE3}.Ad-Hoc|Any CPU.Deploy.0 = Release|Any CPU
		{1AA0F8D6-3F27-4461-B5FD-1C8F1000FCE3}.Ad-Hoc|ARM.ActiveCfg = Release|Any CPU
		{1AA0F8D6-3F27-4461-B5FD-1C8F1000FCE3}.Ad-Hoc|iPhone.ActiveCfg = Release|Any CPU
		{1AA0F8D6-3F27-4461-B5FD-1C8F1000FCE3}.Ad-Hoc|iPhoneSimulator.ActiveCfg = Release|Any CPU
		{1AA0F8D6-3F27-4461-B5FD-1C8F1000FCE3}.Ad-Hoc|Mixed Platforms.ActiveCfg = Release|Any CPU
		{1AA0F8D6-3F27-4461-B5FD-1C8F1000FCE3}.Ad-Hoc|Mixed Platforms.Build.0 = Release|Any CPU
		{1AA0F8D6-3F27-4461-B5FD-1C8F1000FCE3}.Ad-Hoc|Mixed Platforms.Deploy.0 = Release|Any CPU
		{1AA0F8D6-3F27-4461-B5FD-1C8F1000FCE3}.Ad-Hoc|x64.ActiveCfg = Release|Any CPU
		{1AA0F8D6-3F27-4461-B5FD-1C8F1000FCE3}.Ad-Hoc|x86.ActiveCfg = Release|Any CPU
		{1AA0F8D6-3F27-4461-B5FD-1C8F1000FCE3}.AppStore|Any CPU.ActiveCfg = Release|Any CPU
		{1AA0F8D6-3F27-4461-B5FD-1C8F1000FCE3}.AppStore|Any CPU.Build.0 = Release|Any CPU
		{1AA0F8D6-3F27-4461-B5FD-1C8F1000FCE3}.AppStore|Any CPU.Deploy.0 = Release|Any CPU
		{1AA0F8D6-3F27-4461-B5FD-1C8F1000FCE3}.AppStore|ARM.ActiveCfg = Release|Any CPU
		{1AA0F8D6-3F27-4461-B5FD-1C8F1000FCE3}.AppStore|iPhone.ActiveCfg = Release|Any CPU
		{1AA0F8D6-3F27-4461-B5FD-1C8F1000FCE3}.AppStore|iPhoneSimulator.ActiveCfg = Release|Any CPU
		{1AA0F8D6-3F27-4461-B5FD-1C8F1000FCE3}.AppStore|Mixed Platforms.ActiveCfg = Release|Any CPU
		{1AA0F8D6-3F27-4461-B5FD-1C8F1000FCE3}.AppStore|Mixed Platforms.Build.0 = Release|Any CPU
		{1AA0F8D6-3F27-4461-B5FD-1C8F1000FCE3}.AppStore|Mixed Platforms.Deploy.0 = Release|Any CPU
		{1AA0F8D6-3F27-4461-B5FD-1C8F1000FCE3}.AppStore|x64.ActiveCfg = Release|Any CPU
		{1AA0F8D6-3F27-4461-B5FD-1C8F1000FCE3}.AppStore|x86.ActiveCfg = Release|Any CPU
		{1AA0F8D6-3F27-4461-B5FD-1C8F1000FCE3}.Debug|Any CPU.ActiveCfg = Debug|Any CPU
		{1AA0F8D6-3F27-4461-B5FD-1C8F1000FCE3}.Debug|Any CPU.Build.0 = Debug|Any CPU
		{1AA0F8D6-3F27-4461-B5FD-1C8F1000FCE3}.Debug|Any CPU.Deploy.0 = Debug|Any CPU
		{1AA0F8D6-3F27-4461-B5FD-1C8F1000FCE3}.Debug|ARM.ActiveCfg = Debug|Any CPU
		{1AA0F8D6-3F27-4461-B5FD-1C8F1000FCE3}.Debug|iPhone.ActiveCfg = Debug|Any CPU
		{1AA0F8D6-3F27-4461-B5FD-1C8F1000FCE3}.Debug|iPhoneSimulator.ActiveCfg = Debug|Any CPU
		{1AA0F8D6-3F27-4461-B5FD-1C8F1000FCE3}.Debug|iPhoneSimulator.Build.0 = Debug|Any CPU
		{1AA0F8D6-3F27-4461-B5FD-1C8F1000FCE3}.Debug|Mixed Platforms.ActiveCfg = Debug|Any CPU
		{1AA0F8D6-3F27-4461-B5FD-1C8F1000FCE3}.Debug|Mixed Platforms.Build.0 = Debug|Any CPU
		{1AA0F8D6-3F27-4461-B5FD-1C8F1000FCE3}.Debug|Mixed Platforms.Deploy.0 = Debug|Any CPU
		{1AA0F8D6-3F27-4461-B5FD-1C8F1000FCE3}.Debug|x64.ActiveCfg = Debug|Any CPU
		{1AA0F8D6-3F27-4461-B5FD-1C8F1000FCE3}.Debug|x86.ActiveCfg = Debug|Any CPU
		{1AA0F8D6-3F27-4461-B5FD-1C8F1000FCE3}.Release|Any CPU.ActiveCfg = Release|Any CPU
		{1AA0F8D6-3F27-4461-B5FD-1C8F1000FCE3}.Release|ARM.ActiveCfg = Release|Any CPU
		{1AA0F8D6-3F27-4461-B5FD-1C8F1000FCE3}.Release|iPhone.ActiveCfg = Release|Any CPU
		{1AA0F8D6-3F27-4461-B5FD-1C8F1000FCE3}.Release|iPhone.Build.0 = Release|Any CPU
		{1AA0F8D6-3F27-4461-B5FD-1C8F1000FCE3}.Release|iPhoneSimulator.ActiveCfg = Release|Any CPU
		{1AA0F8D6-3F27-4461-B5FD-1C8F1000FCE3}.Release|iPhoneSimulator.Build.0 = Release|Any CPU
		{1AA0F8D6-3F27-4461-B5FD-1C8F1000FCE3}.Release|Mixed Platforms.ActiveCfg = Release|Any CPU
		{1AA0F8D6-3F27-4461-B5FD-1C8F1000FCE3}.Release|Mixed Platforms.Build.0 = Release|Any CPU
		{1AA0F8D6-3F27-4461-B5FD-1C8F1000FCE3}.Release|Mixed Platforms.Deploy.0 = Release|Any CPU
		{1AA0F8D6-3F27-4461-B5FD-1C8F1000FCE3}.Release|x64.ActiveCfg = Release|Any CPU
		{1AA0F8D6-3F27-4461-B5FD-1C8F1000FCE3}.Release|x86.ActiveCfg = Release|Any CPU
		{CCA8B1CA-C9C6-4441-BC45-B3A95EDB43FA}.Ad-Hoc|Any CPU.ActiveCfg = Release|x86
		{CCA8B1CA-C9C6-4441-BC45-B3A95EDB43FA}.Ad-Hoc|Any CPU.Build.0 = Release|x86
		{CCA8B1CA-C9C6-4441-BC45-B3A95EDB43FA}.Ad-Hoc|Any CPU.Deploy.0 = Release|x86
		{CCA8B1CA-C9C6-4441-BC45-B3A95EDB43FA}.Ad-Hoc|ARM.ActiveCfg = Release|ARM
		{CCA8B1CA-C9C6-4441-BC45-B3A95EDB43FA}.Ad-Hoc|ARM.Build.0 = Release|ARM
		{CCA8B1CA-C9C6-4441-BC45-B3A95EDB43FA}.Ad-Hoc|ARM.Deploy.0 = Release|ARM
		{CCA8B1CA-C9C6-4441-BC45-B3A95EDB43FA}.Ad-Hoc|iPhone.ActiveCfg = Release|x86
		{CCA8B1CA-C9C6-4441-BC45-B3A95EDB43FA}.Ad-Hoc|iPhone.Build.0 = Release|x86
		{CCA8B1CA-C9C6-4441-BC45-B3A95EDB43FA}.Ad-Hoc|iPhone.Deploy.0 = Release|x86
		{CCA8B1CA-C9C6-4441-BC45-B3A95EDB43FA}.Ad-Hoc|iPhoneSimulator.ActiveCfg = Release|x86
		{CCA8B1CA-C9C6-4441-BC45-B3A95EDB43FA}.Ad-Hoc|iPhoneSimulator.Build.0 = Release|x86
		{CCA8B1CA-C9C6-4441-BC45-B3A95EDB43FA}.Ad-Hoc|iPhoneSimulator.Deploy.0 = Release|x86
		{CCA8B1CA-C9C6-4441-BC45-B3A95EDB43FA}.Ad-Hoc|Mixed Platforms.ActiveCfg = Release|x86
		{CCA8B1CA-C9C6-4441-BC45-B3A95EDB43FA}.Ad-Hoc|Mixed Platforms.Build.0 = Release|x86
		{CCA8B1CA-C9C6-4441-BC45-B3A95EDB43FA}.Ad-Hoc|Mixed Platforms.Deploy.0 = Release|x86
		{CCA8B1CA-C9C6-4441-BC45-B3A95EDB43FA}.Ad-Hoc|x64.ActiveCfg = Release|x64
		{CCA8B1CA-C9C6-4441-BC45-B3A95EDB43FA}.Ad-Hoc|x64.Build.0 = Release|x64
		{CCA8B1CA-C9C6-4441-BC45-B3A95EDB43FA}.Ad-Hoc|x64.Deploy.0 = Release|x64
		{CCA8B1CA-C9C6-4441-BC45-B3A95EDB43FA}.Ad-Hoc|x86.ActiveCfg = Release|x86
		{CCA8B1CA-C9C6-4441-BC45-B3A95EDB43FA}.Ad-Hoc|x86.Build.0 = Release|x86
		{CCA8B1CA-C9C6-4441-BC45-B3A95EDB43FA}.Ad-Hoc|x86.Deploy.0 = Release|x86
		{CCA8B1CA-C9C6-4441-BC45-B3A95EDB43FA}.AppStore|Any CPU.ActiveCfg = Release|x86
		{CCA8B1CA-C9C6-4441-BC45-B3A95EDB43FA}.AppStore|Any CPU.Build.0 = Release|x86
		{CCA8B1CA-C9C6-4441-BC45-B3A95EDB43FA}.AppStore|Any CPU.Deploy.0 = Release|x86
		{CCA8B1CA-C9C6-4441-BC45-B3A95EDB43FA}.AppStore|ARM.ActiveCfg = Release|ARM
		{CCA8B1CA-C9C6-4441-BC45-B3A95EDB43FA}.AppStore|ARM.Build.0 = Release|ARM
		{CCA8B1CA-C9C6-4441-BC45-B3A95EDB43FA}.AppStore|ARM.Deploy.0 = Release|ARM
		{CCA8B1CA-C9C6-4441-BC45-B3A95EDB43FA}.AppStore|iPhone.ActiveCfg = Release|x86
		{CCA8B1CA-C9C6-4441-BC45-B3A95EDB43FA}.AppStore|iPhone.Build.0 = Release|x86
		{CCA8B1CA-C9C6-4441-BC45-B3A95EDB43FA}.AppStore|iPhone.Deploy.0 = Release|x86
		{CCA8B1CA-C9C6-4441-BC45-B3A95EDB43FA}.AppStore|iPhoneSimulator.ActiveCfg = Release|x86
		{CCA8B1CA-C9C6-4441-BC45-B3A95EDB43FA}.AppStore|iPhoneSimulator.Build.0 = Release|x86
		{CCA8B1CA-C9C6-4441-BC45-B3A95EDB43FA}.AppStore|iPhoneSimulator.Deploy.0 = Release|x86
		{CCA8B1CA-C9C6-4441-BC45-B3A95EDB43FA}.AppStore|Mixed Platforms.ActiveCfg = Release|x86
		{CCA8B1CA-C9C6-4441-BC45-B3A95EDB43FA}.AppStore|Mixed Platforms.Build.0 = Release|x86
		{CCA8B1CA-C9C6-4441-BC45-B3A95EDB43FA}.AppStore|Mixed Platforms.Deploy.0 = Release|x86
		{CCA8B1CA-C9C6-4441-BC45-B3A95EDB43FA}.AppStore|x64.ActiveCfg = Release|x64
		{CCA8B1CA-C9C6-4441-BC45-B3A95EDB43FA}.AppStore|x64.Build.0 = Release|x64
		{CCA8B1CA-C9C6-4441-BC45-B3A95EDB43FA}.AppStore|x64.Deploy.0 = Release|x64
		{CCA8B1CA-C9C6-4441-BC45-B3A95EDB43FA}.AppStore|x86.ActiveCfg = Release|x86
		{CCA8B1CA-C9C6-4441-BC45-B3A95EDB43FA}.AppStore|x86.Build.0 = Release|x86
		{CCA8B1CA-C9C6-4441-BC45-B3A95EDB43FA}.AppStore|x86.Deploy.0 = Release|x86
		{CCA8B1CA-C9C6-4441-BC45-B3A95EDB43FA}.Debug|Any CPU.ActiveCfg = Debug|x86
		{CCA8B1CA-C9C6-4441-BC45-B3A95EDB43FA}.Debug|Any CPU.Build.0 = Debug|x86
		{CCA8B1CA-C9C6-4441-BC45-B3A95EDB43FA}.Debug|Any CPU.Deploy.0 = Debug|x86
		{CCA8B1CA-C9C6-4441-BC45-B3A95EDB43FA}.Debug|ARM.ActiveCfg = Debug|ARM
		{CCA8B1CA-C9C6-4441-BC45-B3A95EDB43FA}.Debug|ARM.Build.0 = Debug|ARM
		{CCA8B1CA-C9C6-4441-BC45-B3A95EDB43FA}.Debug|ARM.Deploy.0 = Debug|ARM
		{CCA8B1CA-C9C6-4441-BC45-B3A95EDB43FA}.Debug|iPhone.ActiveCfg = Debug|x86
		{CCA8B1CA-C9C6-4441-BC45-B3A95EDB43FA}.Debug|iPhoneSimulator.ActiveCfg = Debug|x86
		{CCA8B1CA-C9C6-4441-BC45-B3A95EDB43FA}.Debug|iPhoneSimulator.Build.0 = Debug|x86
		{CCA8B1CA-C9C6-4441-BC45-B3A95EDB43FA}.Debug|Mixed Platforms.ActiveCfg = Debug|x86
		{CCA8B1CA-C9C6-4441-BC45-B3A95EDB43FA}.Debug|Mixed Platforms.Build.0 = Debug|x86
		{CCA8B1CA-C9C6-4441-BC45-B3A95EDB43FA}.Debug|Mixed Platforms.Deploy.0 = Debug|x86
		{CCA8B1CA-C9C6-4441-BC45-B3A95EDB43FA}.Debug|x64.ActiveCfg = Debug|x64
		{CCA8B1CA-C9C6-4441-BC45-B3A95EDB43FA}.Debug|x64.Build.0 = Debug|x64
		{CCA8B1CA-C9C6-4441-BC45-B3A95EDB43FA}.Debug|x64.Deploy.0 = Debug|x64
		{CCA8B1CA-C9C6-4441-BC45-B3A95EDB43FA}.Debug|x86.ActiveCfg = Debug|x86
		{CCA8B1CA-C9C6-4441-BC45-B3A95EDB43FA}.Debug|x86.Build.0 = Debug|x86
		{CCA8B1CA-C9C6-4441-BC45-B3A95EDB43FA}.Debug|x86.Deploy.0 = Debug|x86
		{CCA8B1CA-C9C6-4441-BC45-B3A95EDB43FA}.Release|Any CPU.ActiveCfg = Release|x86
		{CCA8B1CA-C9C6-4441-BC45-B3A95EDB43FA}.Release|ARM.ActiveCfg = Release|ARM
		{CCA8B1CA-C9C6-4441-BC45-B3A95EDB43FA}.Release|ARM.Build.0 = Release|ARM
		{CCA8B1CA-C9C6-4441-BC45-B3A95EDB43FA}.Release|ARM.Deploy.0 = Release|ARM
		{CCA8B1CA-C9C6-4441-BC45-B3A95EDB43FA}.Release|iPhone.ActiveCfg = Release|x86
		{CCA8B1CA-C9C6-4441-BC45-B3A95EDB43FA}.Release|iPhone.Build.0 = Release|x86
		{CCA8B1CA-C9C6-4441-BC45-B3A95EDB43FA}.Release|iPhoneSimulator.ActiveCfg = Release|x86
		{CCA8B1CA-C9C6-4441-BC45-B3A95EDB43FA}.Release|iPhoneSimulator.Build.0 = Release|x86
		{CCA8B1CA-C9C6-4441-BC45-B3A95EDB43FA}.Release|Mixed Platforms.ActiveCfg = Release|x86
		{CCA8B1CA-C9C6-4441-BC45-B3A95EDB43FA}.Release|Mixed Platforms.Build.0 = Release|x86
		{CCA8B1CA-C9C6-4441-BC45-B3A95EDB43FA}.Release|Mixed Platforms.Deploy.0 = Release|x86
		{CCA8B1CA-C9C6-4441-BC45-B3A95EDB43FA}.Release|x64.ActiveCfg = Release|x64
		{CCA8B1CA-C9C6-4441-BC45-B3A95EDB43FA}.Release|x64.Build.0 = Release|x64
		{CCA8B1CA-C9C6-4441-BC45-B3A95EDB43FA}.Release|x64.Deploy.0 = Release|x64
		{CCA8B1CA-C9C6-4441-BC45-B3A95EDB43FA}.Release|x86.ActiveCfg = Release|x86
		{CCA8B1CA-C9C6-4441-BC45-B3A95EDB43FA}.Release|x86.Build.0 = Release|x86
		{CCA8B1CA-C9C6-4441-BC45-B3A95EDB43FA}.Release|x86.Deploy.0 = Release|x86
		{AEA8EE60-DEBE-4632-A554-16CCD013CD6A}.Ad-Hoc|Any CPU.ActiveCfg = Release|Any CPU
		{AEA8EE60-DEBE-4632-A554-16CCD013CD6A}.Ad-Hoc|Any CPU.Build.0 = Release|Any CPU
		{AEA8EE60-DEBE-4632-A554-16CCD013CD6A}.Ad-Hoc|ARM.ActiveCfg = Release|Any CPU
		{AEA8EE60-DEBE-4632-A554-16CCD013CD6A}.Ad-Hoc|ARM.Build.0 = Release|Any CPU
		{AEA8EE60-DEBE-4632-A554-16CCD013CD6A}.Ad-Hoc|iPhone.ActiveCfg = Release|Any CPU
		{AEA8EE60-DEBE-4632-A554-16CCD013CD6A}.Ad-Hoc|iPhone.Build.0 = Release|Any CPU
		{AEA8EE60-DEBE-4632-A554-16CCD013CD6A}.Ad-Hoc|iPhoneSimulator.ActiveCfg = Release|Any CPU
		{AEA8EE60-DEBE-4632-A554-16CCD013CD6A}.Ad-Hoc|iPhoneSimulator.Build.0 = Release|Any CPU
		{AEA8EE60-DEBE-4632-A554-16CCD013CD6A}.Ad-Hoc|Mixed Platforms.ActiveCfg = Release|Any CPU
		{AEA8EE60-DEBE-4632-A554-16CCD013CD6A}.Ad-Hoc|Mixed Platforms.Build.0 = Release|Any CPU
		{AEA8EE60-DEBE-4632-A554-16CCD013CD6A}.Ad-Hoc|x64.ActiveCfg = Release|Any CPU
		{AEA8EE60-DEBE-4632-A554-16CCD013CD6A}.Ad-Hoc|x64.Build.0 = Release|Any CPU
		{AEA8EE60-DEBE-4632-A554-16CCD013CD6A}.Ad-Hoc|x86.ActiveCfg = Release|Any CPU
		{AEA8EE60-DEBE-4632-A554-16CCD013CD6A}.Ad-Hoc|x86.Build.0 = Release|Any CPU
		{AEA8EE60-DEBE-4632-A554-16CCD013CD6A}.AppStore|Any CPU.ActiveCfg = Release|Any CPU
		{AEA8EE60-DEBE-4632-A554-16CCD013CD6A}.AppStore|Any CPU.Build.0 = Release|Any CPU
		{AEA8EE60-DEBE-4632-A554-16CCD013CD6A}.AppStore|ARM.ActiveCfg = Release|Any CPU
		{AEA8EE60-DEBE-4632-A554-16CCD013CD6A}.AppStore|ARM.Build.0 = Release|Any CPU
		{AEA8EE60-DEBE-4632-A554-16CCD013CD6A}.AppStore|iPhone.ActiveCfg = Release|Any CPU
		{AEA8EE60-DEBE-4632-A554-16CCD013CD6A}.AppStore|iPhone.Build.0 = Release|Any CPU
		{AEA8EE60-DEBE-4632-A554-16CCD013CD6A}.AppStore|iPhoneSimulator.ActiveCfg = Release|Any CPU
		{AEA8EE60-DEBE-4632-A554-16CCD013CD6A}.AppStore|iPhoneSimulator.Build.0 = Release|Any CPU
		{AEA8EE60-DEBE-4632-A554-16CCD013CD6A}.AppStore|Mixed Platforms.ActiveCfg = Release|Any CPU
		{AEA8EE60-DEBE-4632-A554-16CCD013CD6A}.AppStore|Mixed Platforms.Build.0 = Release|Any CPU
		{AEA8EE60-DEBE-4632-A554-16CCD013CD6A}.AppStore|x64.ActiveCfg = Release|Any CPU
		{AEA8EE60-DEBE-4632-A554-16CCD013CD6A}.AppStore|x64.Build.0 = Release|Any CPU
		{AEA8EE60-DEBE-4632-A554-16CCD013CD6A}.AppStore|x86.ActiveCfg = Release|Any CPU
		{AEA8EE60-DEBE-4632-A554-16CCD013CD6A}.AppStore|x86.Build.0 = Release|Any CPU
		{AEA8EE60-DEBE-4632-A554-16CCD013CD6A}.Debug|Any CPU.ActiveCfg = Debug|Any CPU
		{AEA8EE60-DEBE-4632-A554-16CCD013CD6A}.Debug|Any CPU.Build.0 = Debug|Any CPU
		{AEA8EE60-DEBE-4632-A554-16CCD013CD6A}.Debug|ARM.ActiveCfg = Debug|Any CPU
		{AEA8EE60-DEBE-4632-A554-16CCD013CD6A}.Debug|ARM.Build.0 = Debug|Any CPU
		{AEA8EE60-DEBE-4632-A554-16CCD013CD6A}.Debug|iPhone.ActiveCfg = Debug|Any CPU
		{AEA8EE60-DEBE-4632-A554-16CCD013CD6A}.Debug|iPhone.Build.0 = Debug|Any CPU
		{AEA8EE60-DEBE-4632-A554-16CCD013CD6A}.Debug|iPhoneSimulator.ActiveCfg = Debug|Any CPU
		{AEA8EE60-DEBE-4632-A554-16CCD013CD6A}.Debug|iPhoneSimulator.Build.0 = Debug|Any CPU
		{AEA8EE60-DEBE-4632-A554-16CCD013CD6A}.Debug|Mixed Platforms.ActiveCfg = Debug|Any CPU
		{AEA8EE60-DEBE-4632-A554-16CCD013CD6A}.Debug|Mixed Platforms.Build.0 = Debug|Any CPU
		{AEA8EE60-DEBE-4632-A554-16CCD013CD6A}.Debug|x64.ActiveCfg = Debug|Any CPU
		{AEA8EE60-DEBE-4632-A554-16CCD013CD6A}.Debug|x64.Build.0 = Debug|Any CPU
		{AEA8EE60-DEBE-4632-A554-16CCD013CD6A}.Debug|x86.ActiveCfg = Debug|Any CPU
		{AEA8EE60-DEBE-4632-A554-16CCD013CD6A}.Debug|x86.Build.0 = Debug|Any CPU
		{AEA8EE60-DEBE-4632-A554-16CCD013CD6A}.Release|Any CPU.ActiveCfg = Release|Any CPU
		{AEA8EE60-DEBE-4632-A554-16CCD013CD6A}.Release|Any CPU.Build.0 = Release|Any CPU
		{AEA8EE60-DEBE-4632-A554-16CCD013CD6A}.Release|ARM.ActiveCfg = Release|Any CPU
		{AEA8EE60-DEBE-4632-A554-16CCD013CD6A}.Release|ARM.Build.0 = Release|Any CPU
		{AEA8EE60-DEBE-4632-A554-16CCD013CD6A}.Release|iPhone.ActiveCfg = Release|Any CPU
		{AEA8EE60-DEBE-4632-A554-16CCD013CD6A}.Release|iPhone.Build.0 = Release|Any CPU
		{AEA8EE60-DEBE-4632-A554-16CCD013CD6A}.Release|iPhoneSimulator.ActiveCfg = Release|Any CPU
		{AEA8EE60-DEBE-4632-A554-16CCD013CD6A}.Release|iPhoneSimulator.Build.0 = Release|Any CPU
		{AEA8EE60-DEBE-4632-A554-16CCD013CD6A}.Release|Mixed Platforms.ActiveCfg = Release|Any CPU
		{AEA8EE60-DEBE-4632-A554-16CCD013CD6A}.Release|Mixed Platforms.Build.0 = Release|Any CPU
		{AEA8EE60-DEBE-4632-A554-16CCD013CD6A}.Release|x64.ActiveCfg = Release|Any CPU
		{AEA8EE60-DEBE-4632-A554-16CCD013CD6A}.Release|x64.Build.0 = Release|Any CPU
		{AEA8EE60-DEBE-4632-A554-16CCD013CD6A}.Release|x86.ActiveCfg = Release|Any CPU
		{AEA8EE60-DEBE-4632-A554-16CCD013CD6A}.Release|x86.Build.0 = Release|Any CPU
	EndGlobalSection
	GlobalSection(SolutionProperties) = preSolution
		HideSolutionNode = FALSE
	EndGlobalSection
	GlobalSection(ExtensibilityGlobals) = postSolution
		SolutionGuid = {17CCE1B1-75B2-4B32-8BCA-DF55666927A4}
	EndGlobalSection
EndGlobal
